// !$*UTF8*$!
{
	archiveVersion = 1;
	classes = {
	};
	objectVersion = 50;
	objects = {

/* Begin PBXBuildFile section */
		729658F3219C2001009F5AB5 /* MockAdMobSDK.swift in Sources */ = {isa = PBXBuildFile; fileRef = 729658B9219C2000009F5AB5 /* MockAdMobSDK.swift */; };
		729658F4219C2001009F5AB5 /* MockAdMobInterstitial.swift in Sources */ = {isa = PBXBuildFile; fileRef = 729658BA219C2000009F5AB5 /* MockAdMobInterstitial.swift */; };
		729658F5219C2001009F5AB5 /* AdMobVideoAdTests.swift in Sources */ = {isa = PBXBuildFile; fileRef = 729658BB219C2000009F5AB5 /* AdMobVideoAdTests.swift */; };
		729658F6219C2001009F5AB5 /* AdmobAdapterTests.swift in Sources */ = {isa = PBXBuildFile; fileRef = 729658BC219C2000009F5AB5 /* AdmobAdapterTests.swift */; };
		729658F7219C2001009F5AB5 /* AdmobExtensionsTests.swift in Sources */ = {isa = PBXBuildFile; fileRef = 729658BD219C2000009F5AB5 /* AdmobExtensionsTests.swift */; };
		729658F8219C2001009F5AB5 /* AdmobTestDelegate.swift in Sources */ = {isa = PBXBuildFile; fileRef = 729658BF219C2000009F5AB5 /* AdmobTestDelegate.swift */; };
		729658F9219C2001009F5AB5 /* MockAdColonyInterstitial.swift in Sources */ = {isa = PBXBuildFile; fileRef = 729658C2219C2000009F5AB5 /* MockAdColonyInterstitial.swift */; };
		729658FA219C2001009F5AB5 /* MockAdColonySDK.swift in Sources */ = {isa = PBXBuildFile; fileRef = 729658C3219C2000009F5AB5 /* MockAdColonySDK.swift */; };
		729658FB219C2001009F5AB5 /* AdColonyNetworkAdapterTests.swift in Sources */ = {isa = PBXBuildFile; fileRef = 729658C4219C2000009F5AB5 /* AdColonyNetworkAdapterTests.swift */; };
		729658FC219C2001009F5AB5 /* AdColonyExtensionsTests.swift in Sources */ = {isa = PBXBuildFile; fileRef = 729658C5219C2000009F5AB5 /* AdColonyExtensionsTests.swift */; };
		729658FD219C2001009F5AB5 /* AdColonyVideoAdTests.swift in Sources */ = {isa = PBXBuildFile; fileRef = 729658C6219C2000009F5AB5 /* AdColonyVideoAdTests.swift */; };
		729658FE219C2001009F5AB5 /* AdColonyTestDelegate.swift in Sources */ = {isa = PBXBuildFile; fileRef = 729658C8219C2000009F5AB5 /* AdColonyTestDelegate.swift */; };
		729658FF219C2001009F5AB5 /* MockAppLovinInterstitial.swift in Sources */ = {isa = PBXBuildFile; fileRef = 729658CB219C2000009F5AB5 /* MockAppLovinInterstitial.swift */; };
		72965900219C2001009F5AB5 /* AppLovinExtensionsTests.swift in Sources */ = {isa = PBXBuildFile; fileRef = 729658CC219C2000009F5AB5 /* AppLovinExtensionsTests.swift */; };
		72965901219C2001009F5AB5 /* AppLovinVideoAdTests.swift in Sources */ = {isa = PBXBuildFile; fileRef = 729658CD219C2000009F5AB5 /* AppLovinVideoAdTests.swift */; };
		72965902219C2001009F5AB5 /* AppLovinAdapterTests.swift in Sources */ = {isa = PBXBuildFile; fileRef = 729658CE219C2000009F5AB5 /* AppLovinAdapterTests.swift */; };
		72965903219C2001009F5AB5 /* TimeOutTimerTests.swift in Sources */ = {isa = PBXBuildFile; fileRef = 729658D0219C2000009F5AB5 /* TimeOutTimerTests.swift */; };
		72965904219C2001009F5AB5 /* MockAd.swift in Sources */ = {isa = PBXBuildFile; fileRef = 729658D2219C2000009F5AB5 /* MockAd.swift */; };
		72965905219C2001009F5AB5 /* MockFactory.swift in Sources */ = {isa = PBXBuildFile; fileRef = 729658D3219C2000009F5AB5 /* MockFactory.swift */; };
		72965906219C2001009F5AB5 /* MockSortingStrategy.swift in Sources */ = {isa = PBXBuildFile; fileRef = 729658D4219C2000009F5AB5 /* MockSortingStrategy.swift */; };
		72965907219C2001009F5AB5 /* MockTimer.swift in Sources */ = {isa = PBXBuildFile; fileRef = 729658D5219C2000009F5AB5 /* MockTimer.swift */; };
		72965908219C2001009F5AB5 /* MockNetworkDelegate.swift in Sources */ = {isa = PBXBuildFile; fileRef = 729658D6219C2000009F5AB5 /* MockNetworkDelegate.swift */; };
		72965909219C2001009F5AB5 /* MockStandardTimeOutableNetwork.swift in Sources */ = {isa = PBXBuildFile; fileRef = 729658D7219C2000009F5AB5 /* MockStandardTimeOutableNetwork.swift */; };
		7296590A219C2001009F5AB5 /* MockSettings.swift in Sources */ = {isa = PBXBuildFile; fileRef = 729658D8219C2000009F5AB5 /* MockSettings.swift */; };
		7296590B219C2001009F5AB5 /* MockVideoAdNetworkAdapter.swift in Sources */ = {isa = PBXBuildFile; fileRef = 729658D9219C2000009F5AB5 /* MockVideoAdNetworkAdapter.swift */; };
		7296590C219C2001009F5AB5 /* MockTimeOutableNetwork.swift in Sources */ = {isa = PBXBuildFile; fileRef = 729658DA219C2000009F5AB5 /* MockTimeOutableNetwork.swift */; };
		7296590D219C2001009F5AB5 /* MockAdDelegate.swift in Sources */ = {isa = PBXBuildFile; fileRef = 729658DB219C2000009F5AB5 /* MockAdDelegate.swift */; };
		7296590E219C2001009F5AB5 /* MockVideoAdLoaderDelegate.swift in Sources */ = {isa = PBXBuildFile; fileRef = 729658DC219C2000009F5AB5 /* MockVideoAdLoaderDelegate.swift */; };
		7296590F219C2001009F5AB5 /* VideoAdNetworkAdapterFactoryTests.swift in Sources */ = {isa = PBXBuildFile; fileRef = 729658DD219C2000009F5AB5 /* VideoAdNetworkAdapterFactoryTests.swift */; };
		72965910219C2001009F5AB5 /* VideoAdSettingsTests.swift in Sources */ = {isa = PBXBuildFile; fileRef = 729658DE219C2000009F5AB5 /* VideoAdSettingsTests.swift */; };
		72965911219C2001009F5AB5 /* ArrayExtensionTests.swift in Sources */ = {isa = PBXBuildFile; fileRef = 729658DF219C2000009F5AB5 /* ArrayExtensionTests.swift */; };
		72965912219C2001009F5AB5 /* SortingStrategyTests.swift in Sources */ = {isa = PBXBuildFile; fileRef = 729658E0219C2000009F5AB5 /* SortingStrategyTests.swift */; };
		72965913219C2001009F5AB5 /* VideoAdLoaderTests.swift in Sources */ = {isa = PBXBuildFile; fileRef = 729658E1219C2000009F5AB5 /* VideoAdLoaderTests.swift */; };
		72965914219C2001009F5AB5 /* TimeOutableVideoAdNetworkAdapterTests.swift in Sources */ = {isa = PBXBuildFile; fileRef = 729658E2219C2000009F5AB5 /* TimeOutableVideoAdNetworkAdapterTests.swift */; };
		72965915219C2001009F5AB5 /* TestDelegates.swift in Sources */ = {isa = PBXBuildFile; fileRef = 729658E4219C2000009F5AB5 /* TestDelegates.swift */; };
		72E1DC37219ACDD40014F623 /* Assets.xcassets in Resources */ = {isa = PBXBuildFile; fileRef = 72E1DC36219ACDD40014F623 /* Assets.xcassets */; };
		72E1DC3A219ACDD40014F623 /* LaunchScreen.storyboard in Resources */ = {isa = PBXBuildFile; fileRef = 72E1DC38219ACDD40014F623 /* LaunchScreen.storyboard */; };
		72F76B3B219C172F0085A999 /* AppDelegate.swift in Sources */ = {isa = PBXBuildFile; fileRef = 72F76B37219C172E0085A999 /* AppDelegate.swift */; };
		72F76B3C219C172F0085A999 /* AdvertTableViewController.swift in Sources */ = {isa = PBXBuildFile; fileRef = 72F76B38219C172F0085A999 /* AdvertTableViewController.swift */; };
		72F76B3D219C172F0085A999 /* AppFacade.swift in Sources */ = {isa = PBXBuildFile; fileRef = 72F76B39219C172F0085A999 /* AppFacade.swift */; };
		72F76B3E219C172F0085A999 /* TableViewController.swift in Sources */ = {isa = PBXBuildFile; fileRef = 72F76B3A219C172F0085A999 /* TableViewController.swift */; };
		87619A8DAFD020605D3AFE78 /* Pods_WaterfallKit_Example.framework in Frameworks */ = {isa = PBXBuildFile; fileRef = 728E9BE25C347915E70D2E06 /* Pods_WaterfallKit_Example.framework */; };
		90D81A0CE3452196148EE375 /* Pods_WaterfallKit_ExampleTests.framework in Frameworks */ = {isa = PBXBuildFile; fileRef = 935C0EF3D517EB8032E4B761 /* Pods_WaterfallKit_ExampleTests.framework */; };
/* End PBXBuildFile section */

/* Begin PBXContainerItemProxy section */
		72E1DC41219ACDD50014F623 /* PBXContainerItemProxy */ = {
			isa = PBXContainerItemProxy;
			containerPortal = 72E1DC24219ACDD40014F623 /* Project object */;
			proxyType = 1;
			remoteGlobalIDString = 72E1DC2B219ACDD40014F623;
			remoteInfo = "WaterfallKit Example";
		};
/* End PBXContainerItemProxy section */

/* Begin PBXFileReference section */
		06EAF2A3E01CE3F1D685BBB8 /* Pods-WaterfallKit Example.release.xcconfig */ = {isa = PBXFileReference; includeInIndex = 1; lastKnownFileType = text.xcconfig; name = "Pods-WaterfallKit Example.release.xcconfig"; path = "Pods/Target Support Files/Pods-WaterfallKit Example/Pods-WaterfallKit Example.release.xcconfig"; sourceTree = "<group>"; };
		728E9BE25C347915E70D2E06 /* Pods_WaterfallKit_Example.framework */ = {isa = PBXFileReference; explicitFileType = wrapper.framework; includeInIndex = 0; path = Pods_WaterfallKit_Example.framework; sourceTree = BUILT_PRODUCTS_DIR; };
		729658B9219C2000009F5AB5 /* MockAdMobSDK.swift */ = {isa = PBXFileReference; fileEncoding = 4; lastKnownFileType = sourcecode.swift; path = MockAdMobSDK.swift; sourceTree = "<group>"; };
		729658BA219C2000009F5AB5 /* MockAdMobInterstitial.swift */ = {isa = PBXFileReference; fileEncoding = 4; lastKnownFileType = sourcecode.swift; path = MockAdMobInterstitial.swift; sourceTree = "<group>"; };
		729658BB219C2000009F5AB5 /* AdMobVideoAdTests.swift */ = {isa = PBXFileReference; fileEncoding = 4; lastKnownFileType = sourcecode.swift; path = AdMobVideoAdTests.swift; sourceTree = "<group>"; };
		729658BC219C2000009F5AB5 /* AdmobAdapterTests.swift */ = {isa = PBXFileReference; fileEncoding = 4; lastKnownFileType = sourcecode.swift; path = AdmobAdapterTests.swift; sourceTree = "<group>"; };
		729658BD219C2000009F5AB5 /* AdmobExtensionsTests.swift */ = {isa = PBXFileReference; fileEncoding = 4; lastKnownFileType = sourcecode.swift; path = AdmobExtensionsTests.swift; sourceTree = "<group>"; };
		729658BF219C2000009F5AB5 /* AdmobTestDelegate.swift */ = {isa = PBXFileReference; fileEncoding = 4; lastKnownFileType = sourcecode.swift; path = AdmobTestDelegate.swift; sourceTree = "<group>"; };
		729658C2219C2000009F5AB5 /* MockAdColonyInterstitial.swift */ = {isa = PBXFileReference; fileEncoding = 4; lastKnownFileType = sourcecode.swift; path = MockAdColonyInterstitial.swift; sourceTree = "<group>"; };
		729658C3219C2000009F5AB5 /* MockAdColonySDK.swift */ = {isa = PBXFileReference; fileEncoding = 4; lastKnownFileType = sourcecode.swift; path = MockAdColonySDK.swift; sourceTree = "<group>"; };
		729658C4219C2000009F5AB5 /* AdColonyNetworkAdapterTests.swift */ = {isa = PBXFileReference; fileEncoding = 4; lastKnownFileType = sourcecode.swift; path = AdColonyNetworkAdapterTests.swift; sourceTree = "<group>"; };
		729658C5219C2000009F5AB5 /* AdColonyExtensionsTests.swift */ = {isa = PBXFileReference; fileEncoding = 4; lastKnownFileType = sourcecode.swift; path = AdColonyExtensionsTests.swift; sourceTree = "<group>"; };
		729658C6219C2000009F5AB5 /* AdColonyVideoAdTests.swift */ = {isa = PBXFileReference; fileEncoding = 4; lastKnownFileType = sourcecode.swift; path = AdColonyVideoAdTests.swift; sourceTree = "<group>"; };
		729658C8219C2000009F5AB5 /* AdColonyTestDelegate.swift */ = {isa = PBXFileReference; fileEncoding = 4; lastKnownFileType = sourcecode.swift; path = AdColonyTestDelegate.swift; sourceTree = "<group>"; };
		729658CB219C2000009F5AB5 /* MockAppLovinInterstitial.swift */ = {isa = PBXFileReference; fileEncoding = 4; lastKnownFileType = sourcecode.swift; path = MockAppLovinInterstitial.swift; sourceTree = "<group>"; };
		729658CC219C2000009F5AB5 /* AppLovinExtensionsTests.swift */ = {isa = PBXFileReference; fileEncoding = 4; lastKnownFileType = sourcecode.swift; path = AppLovinExtensionsTests.swift; sourceTree = "<group>"; };
		729658CD219C2000009F5AB5 /* AppLovinVideoAdTests.swift */ = {isa = PBXFileReference; fileEncoding = 4; lastKnownFileType = sourcecode.swift; path = AppLovinVideoAdTests.swift; sourceTree = "<group>"; };
		729658CE219C2000009F5AB5 /* AppLovinAdapterTests.swift */ = {isa = PBXFileReference; fileEncoding = 4; lastKnownFileType = sourcecode.swift; path = AppLovinAdapterTests.swift; sourceTree = "<group>"; };
		729658D0219C2000009F5AB5 /* TimeOutTimerTests.swift */ = {isa = PBXFileReference; fileEncoding = 4; lastKnownFileType = sourcecode.swift; path = TimeOutTimerTests.swift; sourceTree = "<group>"; };
		729658D2219C2000009F5AB5 /* MockAd.swift */ = {isa = PBXFileReference; fileEncoding = 4; lastKnownFileType = sourcecode.swift; path = MockAd.swift; sourceTree = "<group>"; };
		729658D3219C2000009F5AB5 /* MockFactory.swift */ = {isa = PBXFileReference; fileEncoding = 4; lastKnownFileType = sourcecode.swift; path = MockFactory.swift; sourceTree = "<group>"; };
		729658D4219C2000009F5AB5 /* MockSortingStrategy.swift */ = {isa = PBXFileReference; fileEncoding = 4; lastKnownFileType = sourcecode.swift; path = MockSortingStrategy.swift; sourceTree = "<group>"; };
		729658D5219C2000009F5AB5 /* MockTimer.swift */ = {isa = PBXFileReference; fileEncoding = 4; lastKnownFileType = sourcecode.swift; path = MockTimer.swift; sourceTree = "<group>"; };
		729658D6219C2000009F5AB5 /* MockNetworkDelegate.swift */ = {isa = PBXFileReference; fileEncoding = 4; lastKnownFileType = sourcecode.swift; path = MockNetworkDelegate.swift; sourceTree = "<group>"; };
		729658D7219C2000009F5AB5 /* MockStandardTimeOutableNetwork.swift */ = {isa = PBXFileReference; fileEncoding = 4; lastKnownFileType = sourcecode.swift; path = MockStandardTimeOutableNetwork.swift; sourceTree = "<group>"; };
		729658D8219C2000009F5AB5 /* MockSettings.swift */ = {isa = PBXFileReference; fileEncoding = 4; lastKnownFileType = sourcecode.swift; path = MockSettings.swift; sourceTree = "<group>"; };
		729658D9219C2000009F5AB5 /* MockVideoAdNetworkAdapter.swift */ = {isa = PBXFileReference; fileEncoding = 4; lastKnownFileType = sourcecode.swift; path = MockVideoAdNetworkAdapter.swift; sourceTree = "<group>"; };
		729658DA219C2000009F5AB5 /* MockTimeOutableNetwork.swift */ = {isa = PBXFileReference; fileEncoding = 4; lastKnownFileType = sourcecode.swift; path = MockTimeOutableNetwork.swift; sourceTree = "<group>"; };
		729658DB219C2000009F5AB5 /* MockAdDelegate.swift */ = {isa = PBXFileReference; fileEncoding = 4; lastKnownFileType = sourcecode.swift; path = MockAdDelegate.swift; sourceTree = "<group>"; };
		729658DC219C2000009F5AB5 /* MockVideoAdLoaderDelegate.swift */ = {isa = PBXFileReference; fileEncoding = 4; lastKnownFileType = sourcecode.swift; path = MockVideoAdLoaderDelegate.swift; sourceTree = "<group>"; };
		729658DD219C2000009F5AB5 /* VideoAdNetworkAdapterFactoryTests.swift */ = {isa = PBXFileReference; fileEncoding = 4; lastKnownFileType = sourcecode.swift; path = VideoAdNetworkAdapterFactoryTests.swift; sourceTree = "<group>"; };
		729658DE219C2000009F5AB5 /* VideoAdSettingsTests.swift */ = {isa = PBXFileReference; fileEncoding = 4; lastKnownFileType = sourcecode.swift; path = VideoAdSettingsTests.swift; sourceTree = "<group>"; };
		729658DF219C2000009F5AB5 /* ArrayExtensionTests.swift */ = {isa = PBXFileReference; fileEncoding = 4; lastKnownFileType = sourcecode.swift; path = ArrayExtensionTests.swift; sourceTree = "<group>"; };
		729658E0219C2000009F5AB5 /* SortingStrategyTests.swift */ = {isa = PBXFileReference; fileEncoding = 4; lastKnownFileType = sourcecode.swift; path = SortingStrategyTests.swift; sourceTree = "<group>"; };
		729658E1219C2000009F5AB5 /* VideoAdLoaderTests.swift */ = {isa = PBXFileReference; fileEncoding = 4; lastKnownFileType = sourcecode.swift; path = VideoAdLoaderTests.swift; sourceTree = "<group>"; };
		729658E2219C2000009F5AB5 /* TimeOutableVideoAdNetworkAdapterTests.swift */ = {isa = PBXFileReference; fileEncoding = 4; lastKnownFileType = sourcecode.swift; path = TimeOutableVideoAdNetworkAdapterTests.swift; sourceTree = "<group>"; };
		729658E4219C2000009F5AB5 /* TestDelegates.swift */ = {isa = PBXFileReference; fileEncoding = 4; lastKnownFileType = sourcecode.swift; path = TestDelegates.swift; sourceTree = "<group>"; };
		72E1DC2C219ACDD40014F623 /* WaterfallKit Example.app */ = {isa = PBXFileReference; explicitFileType = wrapper.application; includeInIndex = 0; path = "WaterfallKit Example.app"; sourceTree = BUILT_PRODUCTS_DIR; };
		72E1DC36219ACDD40014F623 /* Assets.xcassets */ = {isa = PBXFileReference; lastKnownFileType = folder.assetcatalog; path = Assets.xcassets; sourceTree = "<group>"; };
		72E1DC39219ACDD40014F623 /* Base */ = {isa = PBXFileReference; lastKnownFileType = file.storyboard; name = Base; path = Base.lproj/LaunchScreen.storyboard; sourceTree = "<group>"; };
		72E1DC3B219ACDD40014F623 /* Info.plist */ = {isa = PBXFileReference; lastKnownFileType = text.plist.xml; path = Info.plist; sourceTree = "<group>"; };
		72E1DC40219ACDD50014F623 /* WaterfallKit ExampleTests.xctest */ = {isa = PBXFileReference; explicitFileType = wrapper.cfbundle; includeInIndex = 0; path = "WaterfallKit ExampleTests.xctest"; sourceTree = BUILT_PRODUCTS_DIR; };
		72E1DC46219ACDD50014F623 /* Info.plist */ = {isa = PBXFileReference; lastKnownFileType = text.plist.xml; path = Info.plist; sourceTree = "<group>"; };
		72E1DC4F219ACE0A0014F623 /* WaterfallKit Example-Bridging-Header.h */ = {isa = PBXFileReference; lastKnownFileType = sourcecode.c.h; path = "WaterfallKit Example-Bridging-Header.h"; sourceTree = "<group>"; };
		72F76B37219C172E0085A999 /* AppDelegate.swift */ = {isa = PBXFileReference; fileEncoding = 4; lastKnownFileType = sourcecode.swift; path = AppDelegate.swift; sourceTree = "<group>"; };
		72F76B38219C172F0085A999 /* AdvertTableViewController.swift */ = {isa = PBXFileReference; fileEncoding = 4; lastKnownFileType = sourcecode.swift; path = AdvertTableViewController.swift; sourceTree = "<group>"; };
		72F76B39219C172F0085A999 /* AppFacade.swift */ = {isa = PBXFileReference; fileEncoding = 4; lastKnownFileType = sourcecode.swift; path = AppFacade.swift; sourceTree = "<group>"; };
		72F76B3A219C172F0085A999 /* TableViewController.swift */ = {isa = PBXFileReference; fileEncoding = 4; lastKnownFileType = sourcecode.swift; path = TableViewController.swift; sourceTree = "<group>"; };
		9231CA31A5D2CB3AC5E4844F /* Pods-WaterfallKit ExampleTests.release.xcconfig */ = {isa = PBXFileReference; includeInIndex = 1; lastKnownFileType = text.xcconfig; name = "Pods-WaterfallKit ExampleTests.release.xcconfig"; path = "Pods/Target Support Files/Pods-WaterfallKit ExampleTests/Pods-WaterfallKit ExampleTests.release.xcconfig"; sourceTree = "<group>"; };
		935C0EF3D517EB8032E4B761 /* Pods_WaterfallKit_ExampleTests.framework */ = {isa = PBXFileReference; explicitFileType = wrapper.framework; includeInIndex = 0; path = Pods_WaterfallKit_ExampleTests.framework; sourceTree = BUILT_PRODUCTS_DIR; };
		B81EE37B6AF6583817B663F8 /* Pods-WaterfallKit ExampleTests.debug.xcconfig */ = {isa = PBXFileReference; includeInIndex = 1; lastKnownFileType = text.xcconfig; name = "Pods-WaterfallKit ExampleTests.debug.xcconfig"; path = "Pods/Target Support Files/Pods-WaterfallKit ExampleTests/Pods-WaterfallKit ExampleTests.debug.xcconfig"; sourceTree = "<group>"; };
		EFE384143D81020E890B965D /* Pods-WaterfallKit Example.debug.xcconfig */ = {isa = PBXFileReference; includeInIndex = 1; lastKnownFileType = text.xcconfig; name = "Pods-WaterfallKit Example.debug.xcconfig"; path = "Pods/Target Support Files/Pods-WaterfallKit Example/Pods-WaterfallKit Example.debug.xcconfig"; sourceTree = "<group>"; };
/* End PBXFileReference section */

/* Begin PBXFrameworksBuildPhase section */
		72E1DC29219ACDD40014F623 /* Frameworks */ = {
			isa = PBXFrameworksBuildPhase;
			buildActionMask = 2147483647;
			files = (
				87619A8DAFD020605D3AFE78 /* Pods_WaterfallKit_Example.framework in Frameworks */,
			);
			runOnlyForDeploymentPostprocessing = 0;
		};
		72E1DC3D219ACDD50014F623 /* Frameworks */ = {
			isa = PBXFrameworksBuildPhase;
			buildActionMask = 2147483647;
			files = (
				90D81A0CE3452196148EE375 /* Pods_WaterfallKit_ExampleTests.framework in Frameworks */,
			);
			runOnlyForDeploymentPostprocessing = 0;
		};
/* End PBXFrameworksBuildPhase section */

/* Begin PBXGroup section */
		17294CA93B04DB980FEEAC22 /* Frameworks */ = {
			isa = PBXGroup;
			children = (
				728E9BE25C347915E70D2E06 /* Pods_WaterfallKit_Example.framework */,
				935C0EF3D517EB8032E4B761 /* Pods_WaterfallKit_ExampleTests.framework */,
			);
			name = Frameworks;
			sourceTree = "<group>";
		};
		729658B7219C2000009F5AB5 /* Admob */ = {
			isa = PBXGroup;
			children = (
				729658B8219C2000009F5AB5 /* Mocks */,
				729658BB219C2000009F5AB5 /* AdMobVideoAdTests.swift */,
				729658BC219C2000009F5AB5 /* AdmobAdapterTests.swift */,
				729658BD219C2000009F5AB5 /* AdmobExtensionsTests.swift */,
				729658BE219C2000009F5AB5 /* Utility */,
			);
			path = Admob;
			sourceTree = "<group>";
		};
		729658B8219C2000009F5AB5 /* Mocks */ = {
			isa = PBXGroup;
			children = (
				729658B9219C2000009F5AB5 /* MockAdMobSDK.swift */,
				729658BA219C2000009F5AB5 /* MockAdMobInterstitial.swift */,
			);
			path = Mocks;
			sourceTree = "<group>";
		};
		729658BE219C2000009F5AB5 /* Utility */ = {
			isa = PBXGroup;
			children = (
				729658BF219C2000009F5AB5 /* AdmobTestDelegate.swift */,
			);
			path = Utility;
			sourceTree = "<group>";
		};
		729658C0219C2000009F5AB5 /* AdColony */ = {
			isa = PBXGroup;
			children = (
				729658C1219C2000009F5AB5 /* Mocks */,
				729658C4219C2000009F5AB5 /* AdColonyNetworkAdapterTests.swift */,
				729658C5219C2000009F5AB5 /* AdColonyExtensionsTests.swift */,
				729658C6219C2000009F5AB5 /* AdColonyVideoAdTests.swift */,
				729658C7219C2000009F5AB5 /* Utility */,
			);
			path = AdColony;
			sourceTree = "<group>";
		};
		729658C1219C2000009F5AB5 /* Mocks */ = {
			isa = PBXGroup;
			children = (
				729658C2219C2000009F5AB5 /* MockAdColonyInterstitial.swift */,
				729658C3219C2000009F5AB5 /* MockAdColonySDK.swift */,
			);
			path = Mocks;
			sourceTree = "<group>";
		};
		729658C7219C2000009F5AB5 /* Utility */ = {
			isa = PBXGroup;
			children = (
				729658C8219C2000009F5AB5 /* AdColonyTestDelegate.swift */,
			);
			path = Utility;
			sourceTree = "<group>";
		};
		729658C9219C2000009F5AB5 /* AppLovin */ = {
			isa = PBXGroup;
			children = (
				729658CA219C2000009F5AB5 /* Mocks */,
				729658CC219C2000009F5AB5 /* AppLovinExtensionsTests.swift */,
				729658CD219C2000009F5AB5 /* AppLovinVideoAdTests.swift */,
				729658CE219C2000009F5AB5 /* AppLovinAdapterTests.swift */,
			);
			path = AppLovin;
			sourceTree = "<group>";
		};
		729658CA219C2000009F5AB5 /* Mocks */ = {
			isa = PBXGroup;
			children = (
				729658CB219C2000009F5AB5 /* MockAppLovinInterstitial.swift */,
			);
			path = Mocks;
			sourceTree = "<group>";
		};
		729658CF219C2000009F5AB5 /* Core */ = {
			isa = PBXGroup;
			children = (
				729658D0219C2000009F5AB5 /* TimeOutTimerTests.swift */,
				729658D1219C2000009F5AB5 /* Mocks */,
				729658DD219C2000009F5AB5 /* VideoAdNetworkAdapterFactoryTests.swift */,
				729658DE219C2000009F5AB5 /* VideoAdSettingsTests.swift */,
				729658DF219C2000009F5AB5 /* ArrayExtensionTests.swift */,
				729658E0219C2000009F5AB5 /* SortingStrategyTests.swift */,
				729658E1219C2000009F5AB5 /* VideoAdLoaderTests.swift */,
				729658E2219C2000009F5AB5 /* TimeOutableVideoAdNetworkAdapterTests.swift */,
				729658E3219C2000009F5AB5 /* Utility */,
			);
			path = Core;
			sourceTree = "<group>";
		};
		729658D1219C2000009F5AB5 /* Mocks */ = {
			isa = PBXGroup;
			children = (
				729658D2219C2000009F5AB5 /* MockAd.swift */,
				729658D3219C2000009F5AB5 /* MockFactory.swift */,
				729658D4219C2000009F5AB5 /* MockSortingStrategy.swift */,
				729658D5219C2000009F5AB5 /* MockTimer.swift */,
				729658D6219C2000009F5AB5 /* MockNetworkDelegate.swift */,
				729658D7219C2000009F5AB5 /* MockStandardTimeOutableNetwork.swift */,
				729658D8219C2000009F5AB5 /* MockSettings.swift */,
				729658D9219C2000009F5AB5 /* MockVideoAdNetworkAdapter.swift */,
				729658DA219C2000009F5AB5 /* MockTimeOutableNetwork.swift */,
				729658DB219C2000009F5AB5 /* MockAdDelegate.swift */,
				729658DC219C2000009F5AB5 /* MockVideoAdLoaderDelegate.swift */,
			);
			path = Mocks;
			sourceTree = "<group>";
		};
		729658E3219C2000009F5AB5 /* Utility */ = {
			isa = PBXGroup;
			children = (
				729658E4219C2000009F5AB5 /* TestDelegates.swift */,
			);
			path = Utility;
			sourceTree = "<group>";
		};
		72E1DC23219ACDD40014F623 = {
			isa = PBXGroup;
			children = (
				72E1DC2E219ACDD40014F623 /* WaterfallKit Example */,
				72E1DC43219ACDD50014F623 /* WaterfallKit ExampleTests */,
				72E1DC2D219ACDD40014F623 /* Products */,
				B13A11F3B00357A6A92D85B7 /* Pods */,
				17294CA93B04DB980FEEAC22 /* Frameworks */,
			);
			sourceTree = "<group>";
		};
		72E1DC2D219ACDD40014F623 /* Products */ = {
			isa = PBXGroup;
			children = (
				72E1DC2C219ACDD40014F623 /* WaterfallKit Example.app */,
				72E1DC40219ACDD50014F623 /* WaterfallKit ExampleTests.xctest */,
			);
			name = Products;
			sourceTree = "<group>";
		};
		72E1DC2E219ACDD40014F623 /* WaterfallKit Example */ = {
			isa = PBXGroup;
			children = (
				72F76B38219C172F0085A999 /* AdvertTableViewController.swift */,
				72F76B37219C172E0085A999 /* AppDelegate.swift */,
				72F76B39219C172F0085A999 /* AppFacade.swift */,
				72F76B3A219C172F0085A999 /* TableViewController.swift */,
				72E1DC36219ACDD40014F623 /* Assets.xcassets */,
				72E1DC38219ACDD40014F623 /* LaunchScreen.storyboard */,
				72E1DC3B219ACDD40014F623 /* Info.plist */,
				72E1DC4F219ACE0A0014F623 /* WaterfallKit Example-Bridging-Header.h */,
			);
			path = "WaterfallKit Example";
			sourceTree = "<group>";
		};
		72E1DC43219ACDD50014F623 /* WaterfallKit ExampleTests */ = {
			isa = PBXGroup;
			children = (
				729658C0219C2000009F5AB5 /* AdColony */,
				729658B7219C2000009F5AB5 /* Admob */,
				729658C9219C2000009F5AB5 /* AppLovin */,
				729658CF219C2000009F5AB5 /* Core */,
				72E1DC46219ACDD50014F623 /* Info.plist */,
			);
			path = "WaterfallKit ExampleTests";
			sourceTree = "<group>";
		};
		B13A11F3B00357A6A92D85B7 /* Pods */ = {
			isa = PBXGroup;
			children = (
				EFE384143D81020E890B965D /* Pods-WaterfallKit Example.debug.xcconfig */,
				06EAF2A3E01CE3F1D685BBB8 /* Pods-WaterfallKit Example.release.xcconfig */,
				B81EE37B6AF6583817B663F8 /* Pods-WaterfallKit ExampleTests.debug.xcconfig */,
				9231CA31A5D2CB3AC5E4844F /* Pods-WaterfallKit ExampleTests.release.xcconfig */,
			);
			name = Pods;
			sourceTree = "<group>";
		};
/* End PBXGroup section */

/* Begin PBXNativeTarget section */
		72E1DC2B219ACDD40014F623 /* WaterfallKit Example */ = {
			isa = PBXNativeTarget;
			buildConfigurationList = 72E1DC49219ACDD50014F623 /* Build configuration list for PBXNativeTarget "WaterfallKit Example" */;
			buildPhases = (
				7795D0E8A4BC0E3FB5DA1BB6 /* [CP] Check Pods Manifest.lock */,
				72E1DC28219ACDD40014F623 /* Sources */,
				72E1DC29219ACDD40014F623 /* Frameworks */,
				72E1DC2A219ACDD40014F623 /* Resources */,
			);
			buildRules = (
			);
			dependencies = (
			);
			name = "WaterfallKit Example";
			productName = "WaterfallKit Example";
			productReference = 72E1DC2C219ACDD40014F623 /* WaterfallKit Example.app */;
			productType = "com.apple.product-type.application";
		};
		72E1DC3F219ACDD50014F623 /* WaterfallKit ExampleTests */ = {
			isa = PBXNativeTarget;
			buildConfigurationList = 72E1DC4C219ACDD50014F623 /* Build configuration list for PBXNativeTarget "WaterfallKit ExampleTests" */;
			buildPhases = (
				A02ECB9948FE1E9408165F9F /* [CP] Check Pods Manifest.lock */,
				72E1DC3C219ACDD50014F623 /* Sources */,
				72E1DC3D219ACDD50014F623 /* Frameworks */,
				72E1DC3E219ACDD50014F623 /* Resources */,
			);
			buildRules = (
			);
			dependencies = (
				72E1DC42219ACDD50014F623 /* PBXTargetDependency */,
			);
			name = "WaterfallKit ExampleTests";
			productName = "WaterfallKit ExampleTests";
			productReference = 72E1DC40219ACDD50014F623 /* WaterfallKit ExampleTests.xctest */;
			productType = "com.apple.product-type.bundle.unit-test";
		};
/* End PBXNativeTarget section */

/* Begin PBXProject section */
		72E1DC24219ACDD40014F623 /* Project object */ = {
			isa = PBXProject;
			attributes = {
				LastSwiftUpdateCheck = 1000;
				LastUpgradeCheck = 1000;
				ORGANIZATIONNAME = "Pete Morris";
				TargetAttributes = {
					72E1DC2B219ACDD40014F623 = {
						CreatedOnToolsVersion = 10.0;
						LastSwiftMigration = 1000;
					};
					72E1DC3F219ACDD50014F623 = {
						CreatedOnToolsVersion = 10.0;
						TestTargetID = 72E1DC2B219ACDD40014F623;
					};
				};
			};
			buildConfigurationList = 72E1DC27219ACDD40014F623 /* Build configuration list for PBXProject "WaterfallKit Example" */;
			compatibilityVersion = "Xcode 9.3";
			developmentRegion = en;
			hasScannedForEncodings = 0;
			knownRegions = (
				en,
				Base,
			);
			mainGroup = 72E1DC23219ACDD40014F623;
			productRefGroup = 72E1DC2D219ACDD40014F623 /* Products */;
			projectDirPath = "";
			projectRoot = "";
			targets = (
				72E1DC2B219ACDD40014F623 /* WaterfallKit Example */,
				72E1DC3F219ACDD50014F623 /* WaterfallKit ExampleTests */,
			);
		};
/* End PBXProject section */

/* Begin PBXResourcesBuildPhase section */
		72E1DC2A219ACDD40014F623 /* Resources */ = {
			isa = PBXResourcesBuildPhase;
			buildActionMask = 2147483647;
			files = (
				72E1DC3A219ACDD40014F623 /* LaunchScreen.storyboard in Resources */,
				72E1DC37219ACDD40014F623 /* Assets.xcassets in Resources */,
			);
			runOnlyForDeploymentPostprocessing = 0;
		};
		72E1DC3E219ACDD50014F623 /* Resources */ = {
			isa = PBXResourcesBuildPhase;
			buildActionMask = 2147483647;
			files = (
			);
			runOnlyForDeploymentPostprocessing = 0;
		};
/* End PBXResourcesBuildPhase section */

/* Begin PBXShellScriptBuildPhase section */
		7795D0E8A4BC0E3FB5DA1BB6 /* [CP] Check Pods Manifest.lock */ = {
			isa = PBXShellScriptBuildPhase;
			buildActionMask = 2147483647;
			files = (
			);
			inputFileListPaths = (
			);
			inputPaths = (
				"${PODS_PODFILE_DIR_PATH}/Podfile.lock",
				"${PODS_ROOT}/Manifest.lock",
			);
			name = "[CP] Check Pods Manifest.lock";
			outputFileListPaths = (
			);
			outputPaths = (
				"$(DERIVED_FILE_DIR)/Pods-WaterfallKit Example-checkManifestLockResult.txt",
			);
			runOnlyForDeploymentPostprocessing = 0;
			shellPath = /bin/sh;
			shellScript = "diff \"${PODS_PODFILE_DIR_PATH}/Podfile.lock\" \"${PODS_ROOT}/Manifest.lock\" > /dev/null\nif [ $? != 0 ] ; then\n    # print error to STDERR\n    echo \"error: The sandbox is not in sync with the Podfile.lock. Run 'pod install' or update your CocoaPods installation.\" >&2\n    exit 1\nfi\n# This output is used by Xcode 'outputs' to avoid re-running this script phase.\necho \"SUCCESS\" > \"${SCRIPT_OUTPUT_FILE_0}\"\n";
			showEnvVarsInLog = 0;
		};
		A02ECB9948FE1E9408165F9F /* [CP] Check Pods Manifest.lock */ = {
			isa = PBXShellScriptBuildPhase;
			buildActionMask = 2147483647;
			files = (
			);
			inputFileListPaths = (
			);
			inputPaths = (
				"${PODS_PODFILE_DIR_PATH}/Podfile.lock",
				"${PODS_ROOT}/Manifest.lock",
			);
			name = "[CP] Check Pods Manifest.lock";
			outputFileListPaths = (
			);
			outputPaths = (
				"$(DERIVED_FILE_DIR)/Pods-WaterfallKit ExampleTests-checkManifestLockResult.txt",
			);
			runOnlyForDeploymentPostprocessing = 0;
			shellPath = /bin/sh;
			shellScript = "diff \"${PODS_PODFILE_DIR_PATH}/Podfile.lock\" \"${PODS_ROOT}/Manifest.lock\" > /dev/null\nif [ $? != 0 ] ; then\n    # print error to STDERR\n    echo \"error: The sandbox is not in sync with the Podfile.lock. Run 'pod install' or update your CocoaPods installation.\" >&2\n    exit 1\nfi\n# This output is used by Xcode 'outputs' to avoid re-running this script phase.\necho \"SUCCESS\" > \"${SCRIPT_OUTPUT_FILE_0}\"\n";
			showEnvVarsInLog = 0;
		};
/* End PBXShellScriptBuildPhase section */

/* Begin PBXSourcesBuildPhase section */
		72E1DC28219ACDD40014F623 /* Sources */ = {
			isa = PBXSourcesBuildPhase;
			buildActionMask = 2147483647;
			files = (
				72F76B3B219C172F0085A999 /* AppDelegate.swift in Sources */,
				72F76B3C219C172F0085A999 /* AdvertTableViewController.swift in Sources */,
				72F76B3D219C172F0085A999 /* AppFacade.swift in Sources */,
				72F76B3E219C172F0085A999 /* TableViewController.swift in Sources */,
			);
			runOnlyForDeploymentPostprocessing = 0;
		};
		72E1DC3C219ACDD50014F623 /* Sources */ = {
			isa = PBXSourcesBuildPhase;
			buildActionMask = 2147483647;
			files = (
				729658F8219C2001009F5AB5 /* AdmobTestDelegate.swift in Sources */,
				72965912219C2001009F5AB5 /* SortingStrategyTests.swift in Sources */,
				729658F5219C2001009F5AB5 /* AdMobVideoAdTests.swift in Sources */,
				7296590F219C2001009F5AB5 /* VideoAdNetworkAdapterFactoryTests.swift in Sources */,
				72965902219C2001009F5AB5 /* AppLovinAdapterTests.swift in Sources */,
				72965906219C2001009F5AB5 /* MockSortingStrategy.swift in Sources */,
				729658FF219C2001009F5AB5 /* MockAppLovinInterstitial.swift in Sources */,
				729658F6219C2001009F5AB5 /* AdmobAdapterTests.swift in Sources */,
				729658F7219C2001009F5AB5 /* AdmobExtensionsTests.swift in Sources */,
				72965914219C2001009F5AB5 /* TimeOutableVideoAdNetworkAdapterTests.swift in Sources */,
				729658FB219C2001009F5AB5 /* AdColonyNetworkAdapterTests.swift in Sources */,
				7296590C219C2001009F5AB5 /* MockTimeOutableNetwork.swift in Sources */,
				7296590A219C2001009F5AB5 /* MockSettings.swift in Sources */,
				729658F3219C2001009F5AB5 /* MockAdMobSDK.swift in Sources */,
				729658FD219C2001009F5AB5 /* AdColonyVideoAdTests.swift in Sources */,
				72965909219C2001009F5AB5 /* MockStandardTimeOutableNetwork.swift in Sources */,
				7296590D219C2001009F5AB5 /* MockAdDelegate.swift in Sources */,
				72965907219C2001009F5AB5 /* MockTimer.swift in Sources */,
				72965911219C2001009F5AB5 /* ArrayExtensionTests.swift in Sources */,
				72965903219C2001009F5AB5 /* TimeOutTimerTests.swift in Sources */,
				729658FC219C2001009F5AB5 /* AdColonyExtensionsTests.swift in Sources */,
				729658FA219C2001009F5AB5 /* MockAdColonySDK.swift in Sources */,
				72965901219C2001009F5AB5 /* AppLovinVideoAdTests.swift in Sources */,
				72965913219C2001009F5AB5 /* VideoAdLoaderTests.swift in Sources */,
				72965900219C2001009F5AB5 /* AppLovinExtensionsTests.swift in Sources */,
				72965910219C2001009F5AB5 /* VideoAdSettingsTests.swift in Sources */,
				72965915219C2001009F5AB5 /* TestDelegates.swift in Sources */,
				729658FE219C2001009F5AB5 /* AdColonyTestDelegate.swift in Sources */,
				729658F9219C2001009F5AB5 /* MockAdColonyInterstitial.swift in Sources */,
				7296590B219C2001009F5AB5 /* MockVideoAdNetworkAdapter.swift in Sources */,
				72965904219C2001009F5AB5 /* MockAd.swift in Sources */,
				729658F4219C2001009F5AB5 /* MockAdMobInterstitial.swift in Sources */,
				72965905219C2001009F5AB5 /* MockFactory.swift in Sources */,
				7296590E219C2001009F5AB5 /* MockVideoAdLoaderDelegate.swift in Sources */,
				72965908219C2001009F5AB5 /* MockNetworkDelegate.swift in Sources */,
			);
			runOnlyForDeploymentPostprocessing = 0;
		};
/* End PBXSourcesBuildPhase section */

/* Begin PBXTargetDependency section */
		72E1DC42219ACDD50014F623 /* PBXTargetDependency */ = {
			isa = PBXTargetDependency;
			target = 72E1DC2B219ACDD40014F623 /* WaterfallKit Example */;
			targetProxy = 72E1DC41219ACDD50014F623 /* PBXContainerItemProxy */;
		};
/* End PBXTargetDependency section */

/* Begin PBXVariantGroup section */
		72E1DC38219ACDD40014F623 /* LaunchScreen.storyboard */ = {
			isa = PBXVariantGroup;
			children = (
				72E1DC39219ACDD40014F623 /* Base */,
			);
			name = LaunchScreen.storyboard;
			sourceTree = "<group>";
		};
/* End PBXVariantGroup section */

/* Begin XCBuildConfiguration section */
		72E1DC47219ACDD50014F623 /* Debug */ = {
			isa = XCBuildConfiguration;
			buildSettings = {
				ALWAYS_SEARCH_USER_PATHS = NO;
				CLANG_ANALYZER_NONNULL = YES;
				CLANG_ANALYZER_NUMBER_OBJECT_CONVERSION = YES_AGGRESSIVE;
				CLANG_CXX_LANGUAGE_STANDARD = "gnu++14";
				CLANG_CXX_LIBRARY = "libc++";
				CLANG_ENABLE_MODULES = YES;
				CLANG_ENABLE_OBJC_ARC = YES;
				CLANG_ENABLE_OBJC_WEAK = YES;
				CLANG_WARN_BLOCK_CAPTURE_AUTORELEASING = YES;
				CLANG_WARN_BOOL_CONVERSION = YES;
				CLANG_WARN_COMMA = YES;
				CLANG_WARN_CONSTANT_CONVERSION = YES;
				CLANG_WARN_DEPRECATED_OBJC_IMPLEMENTATIONS = YES;
				CLANG_WARN_DIRECT_OBJC_ISA_USAGE = YES_ERROR;
				CLANG_WARN_DOCUMENTATION_COMMENTS = YES;
				CLANG_WARN_EMPTY_BODY = YES;
				CLANG_WARN_ENUM_CONVERSION = YES;
				CLANG_WARN_INFINITE_RECURSION = YES;
				CLANG_WARN_INT_CONVERSION = YES;
				CLANG_WARN_NON_LITERAL_NULL_CONVERSION = YES;
				CLANG_WARN_OBJC_IMPLICIT_RETAIN_SELF = YES;
				CLANG_WARN_OBJC_LITERAL_CONVERSION = YES;
				CLANG_WARN_OBJC_ROOT_CLASS = YES_ERROR;
				CLANG_WARN_RANGE_LOOP_ANALYSIS = YES;
				CLANG_WARN_STRICT_PROTOTYPES = YES;
				CLANG_WARN_SUSPICIOUS_MOVE = YES;
				CLANG_WARN_UNGUARDED_AVAILABILITY = YES_AGGRESSIVE;
				CLANG_WARN_UNREACHABLE_CODE = YES;
				CLANG_WARN__DUPLICATE_METHOD_MATCH = YES;
				CODE_SIGN_IDENTITY = "iPhone Developer";
				COPY_PHASE_STRIP = NO;
				DEBUG_INFORMATION_FORMAT = dwarf;
				ENABLE_STRICT_OBJC_MSGSEND = YES;
				ENABLE_TESTABILITY = YES;
				GCC_C_LANGUAGE_STANDARD = gnu11;
				GCC_DYNAMIC_NO_PIC = NO;
				GCC_NO_COMMON_BLOCKS = YES;
				GCC_OPTIMIZATION_LEVEL = 0;
				GCC_PREPROCESSOR_DEFINITIONS = (
					"DEBUG=1",
					"$(inherited)",
				);
				GCC_WARN_64_TO_32_BIT_CONVERSION = YES;
				GCC_WARN_ABOUT_RETURN_TYPE = YES_ERROR;
				GCC_WARN_UNDECLARED_SELECTOR = YES;
				GCC_WARN_UNINITIALIZED_AUTOS = YES_AGGRESSIVE;
				GCC_WARN_UNUSED_FUNCTION = YES;
				GCC_WARN_UNUSED_VARIABLE = YES;
				IPHONEOS_DEPLOYMENT_TARGET = 12.0;
				MTL_ENABLE_DEBUG_INFO = INCLUDE_SOURCE;
				MTL_FAST_MATH = YES;
				ONLY_ACTIVE_ARCH = YES;
				SDKROOT = iphoneos;
				SWIFT_ACTIVE_COMPILATION_CONDITIONS = DEBUG;
				SWIFT_OPTIMIZATION_LEVEL = "-Onone";
			};
			name = Debug;
		};
		72E1DC48219ACDD50014F623 /* Release */ = {
			isa = XCBuildConfiguration;
			buildSettings = {
				ALWAYS_SEARCH_USER_PATHS = NO;
				CLANG_ANALYZER_NONNULL = YES;
				CLANG_ANALYZER_NUMBER_OBJECT_CONVERSION = YES_AGGRESSIVE;
				CLANG_CXX_LANGUAGE_STANDARD = "gnu++14";
				CLANG_CXX_LIBRARY = "libc++";
				CLANG_ENABLE_MODULES = YES;
				CLANG_ENABLE_OBJC_ARC = YES;
				CLANG_ENABLE_OBJC_WEAK = YES;
				CLANG_WARN_BLOCK_CAPTURE_AUTORELEASING = YES;
				CLANG_WARN_BOOL_CONVERSION = YES;
				CLANG_WARN_COMMA = YES;
				CLANG_WARN_CONSTANT_CONVERSION = YES;
				CLANG_WARN_DEPRECATED_OBJC_IMPLEMENTATIONS = YES;
				CLANG_WARN_DIRECT_OBJC_ISA_USAGE = YES_ERROR;
				CLANG_WARN_DOCUMENTATION_COMMENTS = YES;
				CLANG_WARN_EMPTY_BODY = YES;
				CLANG_WARN_ENUM_CONVERSION = YES;
				CLANG_WARN_INFINITE_RECURSION = YES;
				CLANG_WARN_INT_CONVERSION = YES;
				CLANG_WARN_NON_LITERAL_NULL_CONVERSION = YES;
				CLANG_WARN_OBJC_IMPLICIT_RETAIN_SELF = YES;
				CLANG_WARN_OBJC_LITERAL_CONVERSION = YES;
				CLANG_WARN_OBJC_ROOT_CLASS = YES_ERROR;
				CLANG_WARN_RANGE_LOOP_ANALYSIS = YES;
				CLANG_WARN_STRICT_PROTOTYPES = YES;
				CLANG_WARN_SUSPICIOUS_MOVE = YES;
				CLANG_WARN_UNGUARDED_AVAILABILITY = YES_AGGRESSIVE;
				CLANG_WARN_UNREACHABLE_CODE = YES;
				CLANG_WARN__DUPLICATE_METHOD_MATCH = YES;
				CODE_SIGN_IDENTITY = "iPhone Developer";
				COPY_PHASE_STRIP = NO;
				DEBUG_INFORMATION_FORMAT = "dwarf-with-dsym";
				ENABLE_NS_ASSERTIONS = NO;
				ENABLE_STRICT_OBJC_MSGSEND = YES;
				GCC_C_LANGUAGE_STANDARD = gnu11;
				GCC_NO_COMMON_BLOCKS = YES;
				GCC_WARN_64_TO_32_BIT_CONVERSION = YES;
				GCC_WARN_ABOUT_RETURN_TYPE = YES_ERROR;
				GCC_WARN_UNDECLARED_SELECTOR = YES;
				GCC_WARN_UNINITIALIZED_AUTOS = YES_AGGRESSIVE;
				GCC_WARN_UNUSED_FUNCTION = YES;
				GCC_WARN_UNUSED_VARIABLE = YES;
				IPHONEOS_DEPLOYMENT_TARGET = 12.0;
				MTL_ENABLE_DEBUG_INFO = NO;
				MTL_FAST_MATH = YES;
				SDKROOT = iphoneos;
				SWIFT_COMPILATION_MODE = wholemodule;
				SWIFT_OPTIMIZATION_LEVEL = "-O";
				VALIDATE_PRODUCT = YES;
			};
			name = Release;
		};
		72E1DC4A219ACDD50014F623 /* Debug */ = {
			isa = XCBuildConfiguration;
			baseConfigurationReference = EFE384143D81020E890B965D /* Pods-WaterfallKit Example.debug.xcconfig */;
			buildSettings = {
				ASSETCATALOG_COMPILER_APPICON_NAME = AppIcon;
				CLANG_ENABLE_MODULES = YES;
				CODE_SIGN_STYLE = Automatic;
				DEVELOPMENT_TEAM = A7682PK9SF;
				INFOPLIST_FILE = "WaterfallKit Example/Info.plist";
				LD_RUNPATH_SEARCH_PATHS = (
					"$(inherited)",
					"@executable_path/Frameworks",
				);
				PRODUCT_BUNDLE_IDENTIFIER = "com.petemorris.WaterfallKit-Example";
				PRODUCT_NAME = "$(TARGET_NAME)";
				SWIFT_OBJC_BRIDGING_HEADER = "WaterfallKit Example/WaterfallKit Example-Bridging-Header.h";
				SWIFT_OPTIMIZATION_LEVEL = "-Onone";
				SWIFT_VERSION = 4.2;
				TARGETED_DEVICE_FAMILY = "1,2";
			};
			name = Debug;
		};
		72E1DC4B219ACDD50014F623 /* Release */ = {
			isa = XCBuildConfiguration;
			baseConfigurationReference = 06EAF2A3E01CE3F1D685BBB8 /* Pods-WaterfallKit Example.release.xcconfig */;
			buildSettings = {
				ASSETCATALOG_COMPILER_APPICON_NAME = AppIcon;
				CLANG_ENABLE_MODULES = YES;
				CODE_SIGN_STYLE = Automatic;
				DEVELOPMENT_TEAM = A7682PK9SF;
				INFOPLIST_FILE = "WaterfallKit Example/Info.plist";
				LD_RUNPATH_SEARCH_PATHS = (
					"$(inherited)",
					"@executable_path/Frameworks",
				);
				PRODUCT_BUNDLE_IDENTIFIER = "com.petemorris.WaterfallKit-Example";
				PRODUCT_NAME = "$(TARGET_NAME)";
				SWIFT_OBJC_BRIDGING_HEADER = "WaterfallKit Example/WaterfallKit Example-Bridging-Header.h";
				SWIFT_VERSION = 4.2;
				TARGETED_DEVICE_FAMILY = "1,2";
			};
			name = Release;
		};
		72E1DC4D219ACDD50014F623 /* Debug */ = {
			isa = XCBuildConfiguration;
			baseConfigurationReference = B81EE37B6AF6583817B663F8 /* Pods-WaterfallKit ExampleTests.debug.xcconfig */;
			buildSettings = {
				ALWAYS_EMBED_SWIFT_STANDARD_LIBRARIES = YES;
				BUNDLE_LOADER = "$(TEST_HOST)";
				CODE_SIGN_STYLE = Automatic;
				DEVELOPMENT_TEAM = A7682PK9SF;
				INFOPLIST_FILE = "WaterfallKit ExampleTests/Info.plist";
				LD_RUNPATH_SEARCH_PATHS = (
					"$(inherited)",
					"@executable_path/Frameworks",
					"@loader_path/Frameworks",
				);
				PRODUCT_BUNDLE_IDENTIFIER = "com.petemorris.WaterfallKit-ExampleTests";
				PRODUCT_NAME = "$(TARGET_NAME)";
				SWIFT_VERSION = 4.2;
				TARGETED_DEVICE_FAMILY = "1,2";
				TEST_HOST = "$(BUILT_PRODUCTS_DIR)/WaterfallKit Example.app/WaterfallKit Example";
			};
			name = Debug;
		};
		72E1DC4E219ACDD50014F623 /* Release */ = {
			isa = XCBuildConfiguration;
			baseConfigurationReference = 9231CA31A5D2CB3AC5E4844F /* Pods-WaterfallKit ExampleTests.release.xcconfig */;
			buildSettings = {
				ALWAYS_EMBED_SWIFT_STANDARD_LIBRARIES = YES;
				BUNDLE_LOADER = "$(TEST_HOST)";
				CODE_SIGN_STYLE = Automatic;
				DEVELOPMENT_TEAM = A7682PK9SF;
				INFOPLIST_FILE = "WaterfallKit ExampleTests/Info.plist";
				LD_RUNPATH_SEARCH_PATHS = (
					"$(inherited)",
					"@executable_path/Frameworks",
					"@loader_path/Frameworks",
				);
				PRODUCT_BUNDLE_IDENTIFIER = "com.petemorris.WaterfallKit-ExampleTests";
				PRODUCT_NAME = "$(TARGET_NAME)";
				SWIFT_VERSION = 4.2;
				TARGETED_DEVICE_FAMILY = "1,2";
				TEST_HOST = "$(BUILT_PRODUCTS_DIR)/WaterfallKit Example.app/WaterfallKit Example";
			};
			name = Release;
		};
/* End XCBuildConfiguration section */

/* Begin XCConfigurationList section */
		72E1DC27219ACDD40014F623 /* Build configuration list for PBXProject "WaterfallKit Example" */ = {
			isa = XCConfigurationList;
			buildConfigurations = (
				72E1DC47219ACDD50014F623 /* Debug */,
				72E1DC48219ACDD50014F623 /* Release */,
			);
			defaultConfigurationIsVisible = 0;
			defaultConfigurationName = Release;
		};
		72E1DC49219ACDD50014F623 /* Build configuration list for PBXNativeTarget "WaterfallKit Example" */ = {
			isa = XCConfigurationList;
			buildConfigurations = (
				72E1DC4A219ACDD50014F623 /* Debug */,
				72E1DC4B219ACDD50014F623 /* Release */,
			);
			defaultConfigurationIsVisible = 0;
			defaultConfigurationName = Release;
		};
		72E1DC4C219ACDD50014F623 /* Build configuration list for PBXNativeTarget "WaterfallKit ExampleTests" */ = {
			isa = XCConfigurationList;
			buildConfigurations = (
				72E1DC4D219ACDD50014F623 /* Debug */,
				72E1DC4E219ACDD50014F623 /* Release */,
			);
			defaultConfigurationIsVisible = 0;
			defaultConfigurationName = Release;
		};
/* End XCConfigurationList section */
	};
	rootObject = 72E1DC24219ACDD40014F623 /* Project object */;
}
