PODS:
  - AdColony (3.3.6)
  - AppLovinSDK (5.1.2)
  - ChartboostSDK (7.3.0)
  - Google-Mobile-Ads-SDK (7.35.2)
  - VungleSDK-iOS (6.3.2)

DEPENDENCIES:
  - AdColony (= 3.3.6)
  - AppLovinSDK (= 5.1.2)
  - ChartboostSDK (= 7.3.0)
  - Google-Mobile-Ads-SDK (= 7.35.2)
  - VungleSDK-iOS (= 6.3.2)

SPEC REPOS:
  https://github.com/cocoapods/specs.git:
    - AdColony
    - AppLovinSDK
    - ChartboostSDK
    - Google-Mobile-Ads-SDK
    - VungleSDK-iOS

SPEC CHECKSUMS:
  AdColony: 68473450de30de67154675c3512353a55c8f97cc
  AppLovinSDK: 5a6c0ab59aaed00da1bc95d54e2065266ab3b379
  ChartboostSDK: 63bbdcad37dd78012acaba1f904e82ddb0eb921d
  Google-Mobile-Ads-SDK: 8f07cc8eac6649fe648cabc97d67c8d20173624a
  VungleSDK-iOS: 69a7f407b60281d2954ffc5eeeac349fbfed51d6

PODFILE CHECKSUM: 3297b813172a3eb07ba6278f076abeee66aeef4b

COCOAPODS: 1.5.3
