// !$*UTF8*$!
{
	archiveVersion = 1;
	classes = {
	};
	objectVersion = 50;
	objects = {

/* Begin PBXBuildFile section */
		7203478C21885ACF00918FB5 /* libz.1.2.5.tbd in Frameworks */ = {isa = PBXBuildFile; fileRef = 7203478B21885ACF00918FB5 /* libz.1.2.5.tbd */; };
		7203478E21885ADE00918FB5 /* AdSupport.framework in Frameworks */ = {isa = PBXBuildFile; fileRef = 7203478D21885ADE00918FB5 /* AdSupport.framework */; };
		7203479021885AE500918FB5 /* AudioToolbox.framework in Frameworks */ = {isa = PBXBuildFile; fileRef = 7203478F21885AE500918FB5 /* AudioToolbox.framework */; };
		7203479221885AF200918FB5 /* AVFoundation.framework in Frameworks */ = {isa = PBXBuildFile; fileRef = 7203479121885AF200918FB5 /* AVFoundation.framework */; };
		7203479421885AFB00918FB5 /* CoreMedia.framework in Frameworks */ = {isa = PBXBuildFile; fileRef = 7203479321885AFB00918FB5 /* CoreMedia.framework */; };
		7203479621885B0300918FB5 /* CoreTelephony.framework in Frameworks */ = {isa = PBXBuildFile; fileRef = 7203479521885B0300918FB5 /* CoreTelephony.framework */; };
		7203479821885B0A00918FB5 /* JavaScriptCore.framework in Frameworks */ = {isa = PBXBuildFile; fileRef = 7203479721885B0A00918FB5 /* JavaScriptCore.framework */; };
		7203479A21885B1300918FB5 /* MessageUI.framework in Frameworks */ = {isa = PBXBuildFile; fileRef = 7203479921885B1300918FB5 /* MessageUI.framework */; };
		7203479C21885B1B00918FB5 /* MobileCoreServices.framework in Frameworks */ = {isa = PBXBuildFile; fileRef = 7203479B21885B1B00918FB5 /* MobileCoreServices.framework */; };
		7203479E21885B2300918FB5 /* Social.framework in Frameworks */ = {isa = PBXBuildFile; fileRef = 7203479D21885B2300918FB5 /* Social.framework */; };
		720347A021885B2B00918FB5 /* StoreKit.framework in Frameworks */ = {isa = PBXBuildFile; fileRef = 7203479F21885B2B00918FB5 /* StoreKit.framework */; };
		720347A221885B3300918FB5 /* SystemConfiguration.framework in Frameworks */ = {isa = PBXBuildFile; fileRef = 720347A121885B3300918FB5 /* SystemConfiguration.framework */; };
		720347A421885B3B00918FB5 /* WatchConnectivity.framework in Frameworks */ = {isa = PBXBuildFile; fileRef = 720347A321885B3B00918FB5 /* WatchConnectivity.framework */; };
		720347A621885B4300918FB5 /* WebKit.framework in Frameworks */ = {isa = PBXBuildFile; fileRef = 720347A521885B4300918FB5 /* WebKit.framework */; };
		720347AB2188607D00918FB5 /* AdColonyVideoAd.swift in Sources */ = {isa = PBXBuildFile; fileRef = 720347AA2188607D00918FB5 /* AdColonyVideoAd.swift */; };
		7209221921887BFA00E6AC03 /* CoreGraphics.framework in Frameworks */ = {isa = PBXBuildFile; fileRef = 7209221821887BF900E6AC03 /* CoreGraphics.framework */; };
		7209221B21887C0D00E6AC03 /* UIKit.framework in Frameworks */ = {isa = PBXBuildFile; fileRef = 7209221A21887C0D00E6AC03 /* UIKit.framework */; };
		7209221D21887C1900E6AC03 /* libz.tbd in Frameworks */ = {isa = PBXBuildFile; fileRef = 7209221C21887C1900E6AC03 /* libz.tbd */; };
		7209222121887F1600E6AC03 /* AppLovinVideoAd.swift in Sources */ = {isa = PBXBuildFile; fileRef = 7209222021887F1600E6AC03 /* AppLovinVideoAd.swift */; };
		7228F44D2192EEB300250B31 /* VungleSDKProtocol.swift in Sources */ = {isa = PBXBuildFile; fileRef = 7228F44C2192EEB300250B31 /* VungleSDKProtocol.swift */; };
		7228F4512192F06B00250B31 /* MockVungleSDK.swift in Sources */ = {isa = PBXBuildFile; fileRef = 7228F4502192F06B00250B31 /* MockVungleSDK.swift */; };
		7247DC30219309F400094F88 /* VungleVideoAdTests.swift in Sources */ = {isa = PBXBuildFile; fileRef = 7247DC2F219309F400094F88 /* VungleVideoAdTests.swift */; };
		7247DC3221930AA700094F88 /* MockAdDelegate.swift in Sources */ = {isa = PBXBuildFile; fileRef = 7247DC3121930AA700094F88 /* MockAdDelegate.swift */; };
		724C0E32218AE961004472DA /* CFNetwork.framework in Frameworks */ = {isa = PBXBuildFile; fileRef = 724C0E31218AE960004472DA /* CFNetwork.framework */; };
		724C0E34218AEA26004472DA /* MediaPlayer.framework in Frameworks */ = {isa = PBXBuildFile; fileRef = 724C0E33218AEA26004472DA /* MediaPlayer.framework */; };
		724C0E36218AEA2E004472DA /* QuartzCore.framework in Frameworks */ = {isa = PBXBuildFile; fileRef = 724C0E35218AEA2E004472DA /* QuartzCore.framework */; };
		724C0E38218AF1B7004472DA /* VungleVideoAd.swift in Sources */ = {isa = PBXBuildFile; fileRef = 724C0E37218AF1B7004472DA /* VungleVideoAd.swift */; };
		724C0E3A218AFB0E004472DA /* CoreLocation.framework in Frameworks */ = {isa = PBXBuildFile; fileRef = 724C0E39218AFB0E004472DA /* CoreLocation.framework */; };
		724C0E3C218AFB22004472DA /* SafariServices.framework in Frameworks */ = {isa = PBXBuildFile; fileRef = 724C0E3B218AFB22004472DA /* SafariServices.framework */; };
		724C0FEA218B097F004472DA /* TimeOutTimer.swift in Sources */ = {isa = PBXBuildFile; fileRef = 724C0FE9218B097F004472DA /* TimeOutTimer.swift */; };
		725B69232189971B0038FDD3 /* AdMobVideoAd.swift in Sources */ = {isa = PBXBuildFile; fileRef = 725B69222189971B0038FDD3 /* AdMobVideoAd.swift */; };
		725B692B2189AFD50038FDD3 /* Foundation.framework in Frameworks */ = {isa = PBXBuildFile; fileRef = 725B692A2189AFD50038FDD3 /* Foundation.framework */; };
		725B692D2189B2520038FDD3 /* ChartboostVideoAd.swift in Sources */ = {isa = PBXBuildFile; fileRef = 725B692C2189B2520038FDD3 /* ChartboostVideoAd.swift */; };
		725B69372189BDF60038FDD3 /* libsqlite3.0.tbd in Frameworks */ = {isa = PBXBuildFile; fileRef = 725B69362189BDF60038FDD3 /* libsqlite3.0.tbd */; };
		72810B512194035C00AB3757 /* ChartboostExtensionsTests.swift in Sources */ = {isa = PBXBuildFile; fileRef = 72810B502194035C00AB3757 /* ChartboostExtensionsTests.swift */; };
		72810B532194043000AB3757 /* ChartboostAdapterTests.swift in Sources */ = {isa = PBXBuildFile; fileRef = 72810B522194043000AB3757 /* ChartboostAdapterTests.swift */; };
		72810B552194071100AB3757 /* ChartboostSDKProtocol.swift in Sources */ = {isa = PBXBuildFile; fileRef = 72810B542194071100AB3757 /* ChartboostSDKProtocol.swift */; };
		72810B58219409FF00AB3757 /* MockChartboostSDK.swift in Sources */ = {isa = PBXBuildFile; fileRef = 72810B57219409FF00AB3757 /* MockChartboostSDK.swift */; };
		72810B5A219419D100AB3757 /* ChartboostAdTests.swift in Sources */ = {isa = PBXBuildFile; fileRef = 72810B59219419D100AB3757 /* ChartboostAdTests.swift */; };
		728C07C9218C417900225757 /* VideoAdNetworkAdapterFactory.swift in Sources */ = {isa = PBXBuildFile; fileRef = 728C07C8218C417900225757 /* VideoAdNetworkAdapterFactory.swift */; };
		729B34FC2192D48F00DA33EE /* SortingStrategy.swift in Sources */ = {isa = PBXBuildFile; fileRef = 729B34FB2192D48F00DA33EE /* SortingStrategy.swift */; };
		729B34FE2192D7C600DA33EE /* MockSortingStrategy.swift in Sources */ = {isa = PBXBuildFile; fileRef = 729B34FD2192D7C600DA33EE /* MockSortingStrategy.swift */; };
		729B35002192E26F00DA33EE /* SortingStrategyTests.swift in Sources */ = {isa = PBXBuildFile; fileRef = 729B34FF2192E26F00DA33EE /* SortingStrategyTests.swift */; };
		72AA361B2186CC45004A3ECB /* VideoAd.swift in Sources */ = {isa = PBXBuildFile; fileRef = 72AA361A2186CC45004A3ECB /* VideoAd.swift */; };
		72CEA725219179D000FF0822 /* VideoAdSettingsTests.swift in Sources */ = {isa = PBXBuildFile; fileRef = 72CEA724219179D000FF0822 /* VideoAdSettingsTests.swift */; };
		72CEA7282191812E00FF0822 /* TimeOutTimerTests.swift in Sources */ = {isa = PBXBuildFile; fileRef = 72CEA7272191812E00FF0822 /* TimeOutTimerTests.swift */; };
		72CEA72B2191920700FF0822 /* MockFactory.swift in Sources */ = {isa = PBXBuildFile; fileRef = 72CEA72A2191920700FF0822 /* MockFactory.swift */; };
		72CEA72D2191924000FF0822 /* MockTimeOutableNetwork.swift in Sources */ = {isa = PBXBuildFile; fileRef = 72CEA72C2191924000FF0822 /* MockTimeOutableNetwork.swift */; };
		72CEA72F2191926500FF0822 /* MockTimer.swift in Sources */ = {isa = PBXBuildFile; fileRef = 72CEA72E2191926500FF0822 /* MockTimer.swift */; };
		72CEA731219194E900FF0822 /* TimeOutableVideoAdNetworkAdapterTests.swift in Sources */ = {isa = PBXBuildFile; fileRef = 72CEA730219194E900FF0822 /* TimeOutableVideoAdNetworkAdapterTests.swift */; };
		72CEA7332191979200FF0822 /* MockStandardTimeOutableNetwork.swift in Sources */ = {isa = PBXBuildFile; fileRef = 72CEA7322191979200FF0822 /* MockStandardTimeOutableNetwork.swift */; };
		72CEA735219197CB00FF0822 /* MockNetworkDelegate.swift in Sources */ = {isa = PBXBuildFile; fileRef = 72CEA734219197CB00FF0822 /* MockNetworkDelegate.swift */; };
		72CEA737219198FD00FF0822 /* ArrayExtensionTests.swift in Sources */ = {isa = PBXBuildFile; fileRef = 72CEA736219198FD00FF0822 /* ArrayExtensionTests.swift */; };
		72CEA73921919ACE00FF0822 /* VideoAdNetworkAdapterFactoryTests.swift in Sources */ = {isa = PBXBuildFile; fileRef = 72CEA73821919ACE00FF0822 /* VideoAdNetworkAdapterFactoryTests.swift */; };
		72CEA73B21919D9E00FF0822 /* MockVideoAdNetworkAdapter.swift in Sources */ = {isa = PBXBuildFile; fileRef = 72CEA73A21919D9E00FF0822 /* MockVideoAdNetworkAdapter.swift */; };
		72CEA73D2191A7AB00FF0822 /* VideoAdLoaderTests.swift in Sources */ = {isa = PBXBuildFile; fileRef = 72CEA73C2191A7AB00FF0822 /* VideoAdLoaderTests.swift */; };
		72CEA73F2191B15300FF0822 /* MockSettings.swift in Sources */ = {isa = PBXBuildFile; fileRef = 72CEA73E2191B15300FF0822 /* MockSettings.swift */; };
		72CEA7412191B88900FF0822 /* MockAd.swift in Sources */ = {isa = PBXBuildFile; fileRef = 72CEA7402191B88900FF0822 /* MockAd.swift */; };
		72CEA7432191D4C600FF0822 /* MockVideoAdLoaderDelegate.swift in Sources */ = {isa = PBXBuildFile; fileRef = 72CEA7422191D4C600FF0822 /* MockVideoAdLoaderDelegate.swift */; };
		72EF2A072192E77000DE1DB6 /* VungleExtensionsTests.swift in Sources */ = {isa = PBXBuildFile; fileRef = 72EF2A062192E77000DE1DB6 /* VungleExtensionsTests.swift */; };
		72EF2A092192EBC800DE1DB6 /* VungleAdapterTests.swift in Sources */ = {isa = PBXBuildFile; fileRef = 72EF2A082192EBC800DE1DB6 /* VungleAdapterTests.swift */; };
		72F117FC218314FE00C3C805 /* AppDelegate.swift in Sources */ = {isa = PBXBuildFile; fileRef = 72F117FB218314FE00C3C805 /* AppDelegate.swift */; };
		72F117FE218314FE00C3C805 /* ViewController.swift in Sources */ = {isa = PBXBuildFile; fileRef = 72F117FD218314FE00C3C805 /* ViewController.swift */; };
		72F11801218314FE00C3C805 /* Main.storyboard in Resources */ = {isa = PBXBuildFile; fileRef = 72F117FF218314FE00C3C805 /* Main.storyboard */; };
		72F11803218314FF00C3C805 /* Assets.xcassets in Resources */ = {isa = PBXBuildFile; fileRef = 72F11802218314FF00C3C805 /* Assets.xcassets */; };
		72F11806218314FF00C3C805 /* LaunchScreen.storyboard in Resources */ = {isa = PBXBuildFile; fileRef = 72F11804218314FF00C3C805 /* LaunchScreen.storyboard */; };
		72F689852186D56A0035C76C /* VideoAdNetworkAdapter.swift in Sources */ = {isa = PBXBuildFile; fileRef = 72F689842186D56A0035C76C /* VideoAdNetworkAdapter.swift */; };
		72F689872186FE980035C76C /* VideoAdLoader.swift in Sources */ = {isa = PBXBuildFile; fileRef = 72F689862186FE980035C76C /* VideoAdLoader.swift */; };
		72F6898B2187005C0035C76C /* VideoAdSettings.swift in Sources */ = {isa = PBXBuildFile; fileRef = 72F6898A2187005C0035C76C /* VideoAdSettings.swift */; };
		72F6898E218716A50035C76C /* AdColonyAdapter.swift in Sources */ = {isa = PBXBuildFile; fileRef = 72F6898D218716A50035C76C /* AdColonyAdapter.swift */; };
		72F689902187175F0035C76C /* AppLovinAdapter.swift in Sources */ = {isa = PBXBuildFile; fileRef = 72F6898F2187175F0035C76C /* AppLovinAdapter.swift */; };
		72F68992218717B20035C76C /* AdMobAdapter.swift in Sources */ = {isa = PBXBuildFile; fileRef = 72F68991218717B20035C76C /* AdMobAdapter.swift */; };
		72F68994218718280035C76C /* ChartboostAdapter.swift in Sources */ = {isa = PBXBuildFile; fileRef = 72F68993218718280035C76C /* ChartboostAdapter.swift */; };
		72F6899C218719680035C76C /* VungleAdapter.swift in Sources */ = {isa = PBXBuildFile; fileRef = 72F6899B218719680035C76C /* VungleAdapter.swift */; };
		72FFD86721902194002B1E28 /* CoreVungleExtensions.swift in Sources */ = {isa = PBXBuildFile; fileRef = 72FFD86621902194002B1E28 /* CoreVungleExtensions.swift */; };
		72FFD869219023BD002B1E28 /* CoreChartboostExtensions.swift in Sources */ = {isa = PBXBuildFile; fileRef = 72FFD868219023BD002B1E28 /* CoreChartboostExtensions.swift */; };
		72FFD86B21902402002B1E28 /* CoreAdMobExtensions.swift in Sources */ = {isa = PBXBuildFile; fileRef = 72FFD86A21902402002B1E28 /* CoreAdMobExtensions.swift */; };
		72FFD86D21902434002B1E28 /* CoreAppLovinExtensions.swift in Sources */ = {isa = PBXBuildFile; fileRef = 72FFD86C21902434002B1E28 /* CoreAppLovinExtensions.swift */; };
		72FFD86F21902467002B1E28 /* CoreAdColonyExtensions.swift in Sources */ = {isa = PBXBuildFile; fileRef = 72FFD86E21902467002B1E28 /* CoreAdColonyExtensions.swift */; };
		72FFD87D21902839002B1E28 /* VungleSDK.framework in Frameworks */ = {isa = PBXBuildFile; fileRef = 72FFD87C21902839002B1E28 /* VungleSDK.framework */; };
		72FFD87F21902846002B1E28 /* GoogleMobileAds.framework in Frameworks */ = {isa = PBXBuildFile; fileRef = 72FFD87E21902846002B1E28 /* GoogleMobileAds.framework */; };
		72FFD88221902857002B1E28 /* CHAMoatMobileAppKit.framework in Frameworks */ = {isa = PBXBuildFile; fileRef = 72FFD88021902856002B1E28 /* CHAMoatMobileAppKit.framework */; };
		72FFD88321902857002B1E28 /* Chartboost.framework in Frameworks */ = {isa = PBXBuildFile; fileRef = 72FFD88121902857002B1E28 /* Chartboost.framework */; };
		72FFD8852190286C002B1E28 /* AppLovinSDK.framework in Frameworks */ = {isa = PBXBuildFile; fileRef = 72FFD8842190286C002B1E28 /* AppLovinSDK.framework */; };
		72FFD88721902875002B1E28 /* AdColony.framework in Frameworks */ = {isa = PBXBuildFile; fileRef = 72FFD88621902875002B1E28 /* AdColony.framework */; };
/* End PBXBuildFile section */

/* Begin PBXContainerItemProxy section */
		72F1180D218314FF00C3C805 /* PBXContainerItemProxy */ = {
			isa = PBXContainerItemProxy;
			containerPortal = 72F117F0218314FE00C3C805 /* Project object */;
			proxyType = 1;
			remoteGlobalIDString = 72F117F7218314FE00C3C805;
			remoteInfo = "iOS Video Interstitial Advert Mediator";
		};
/* End PBXContainerItemProxy section */

/* Begin PBXFileReference section */
		7203478B21885ACF00918FB5 /* libz.1.2.5.tbd */ = {isa = PBXFileReference; lastKnownFileType = "sourcecode.text-based-dylib-definition"; name = libz.1.2.5.tbd; path = usr/lib/libz.1.2.5.tbd; sourceTree = SDKROOT; };
		7203478D21885ADE00918FB5 /* AdSupport.framework */ = {isa = PBXFileReference; lastKnownFileType = wrapper.framework; name = AdSupport.framework; path = System/Library/Frameworks/AdSupport.framework; sourceTree = SDKROOT; };
		7203478F21885AE500918FB5 /* AudioToolbox.framework */ = {isa = PBXFileReference; lastKnownFileType = wrapper.framework; name = AudioToolbox.framework; path = System/Library/Frameworks/AudioToolbox.framework; sourceTree = SDKROOT; };
		7203479121885AF200918FB5 /* AVFoundation.framework */ = {isa = PBXFileReference; lastKnownFileType = wrapper.framework; name = AVFoundation.framework; path = System/Library/Frameworks/AVFoundation.framework; sourceTree = SDKROOT; };
		7203479321885AFB00918FB5 /* CoreMedia.framework */ = {isa = PBXFileReference; lastKnownFileType = wrapper.framework; name = CoreMedia.framework; path = System/Library/Frameworks/CoreMedia.framework; sourceTree = SDKROOT; };
		7203479521885B0300918FB5 /* CoreTelephony.framework */ = {isa = PBXFileReference; lastKnownFileType = wrapper.framework; name = CoreTelephony.framework; path = System/Library/Frameworks/CoreTelephony.framework; sourceTree = SDKROOT; };
		7203479721885B0A00918FB5 /* JavaScriptCore.framework */ = {isa = PBXFileReference; lastKnownFileType = wrapper.framework; name = JavaScriptCore.framework; path = System/Library/Frameworks/JavaScriptCore.framework; sourceTree = SDKROOT; };
		7203479921885B1300918FB5 /* MessageUI.framework */ = {isa = PBXFileReference; lastKnownFileType = wrapper.framework; name = MessageUI.framework; path = System/Library/Frameworks/MessageUI.framework; sourceTree = SDKROOT; };
		7203479B21885B1B00918FB5 /* MobileCoreServices.framework */ = {isa = PBXFileReference; lastKnownFileType = wrapper.framework; name = MobileCoreServices.framework; path = System/Library/Frameworks/MobileCoreServices.framework; sourceTree = SDKROOT; };
		7203479D21885B2300918FB5 /* Social.framework */ = {isa = PBXFileReference; lastKnownFileType = wrapper.framework; name = Social.framework; path = System/Library/Frameworks/Social.framework; sourceTree = SDKROOT; };
		7203479F21885B2B00918FB5 /* StoreKit.framework */ = {isa = PBXFileReference; lastKnownFileType = wrapper.framework; name = StoreKit.framework; path = System/Library/Frameworks/StoreKit.framework; sourceTree = SDKROOT; };
		720347A121885B3300918FB5 /* SystemConfiguration.framework */ = {isa = PBXFileReference; lastKnownFileType = wrapper.framework; name = SystemConfiguration.framework; path = System/Library/Frameworks/SystemConfiguration.framework; sourceTree = SDKROOT; };
		720347A321885B3B00918FB5 /* WatchConnectivity.framework */ = {isa = PBXFileReference; lastKnownFileType = wrapper.framework; name = WatchConnectivity.framework; path = System/Library/Frameworks/WatchConnectivity.framework; sourceTree = SDKROOT; };
		720347A521885B4300918FB5 /* WebKit.framework */ = {isa = PBXFileReference; lastKnownFileType = wrapper.framework; name = WebKit.framework; path = System/Library/Frameworks/WebKit.framework; sourceTree = SDKROOT; };
		720347A721885C3200918FB5 /* iOS Video Interstitial Advert Mediator-Bridging-Header.h */ = {isa = PBXFileReference; lastKnownFileType = sourcecode.c.h; path = "iOS Video Interstitial Advert Mediator-Bridging-Header.h"; sourceTree = "<group>"; };
		720347AA2188607D00918FB5 /* AdColonyVideoAd.swift */ = {isa = PBXFileReference; lastKnownFileType = sourcecode.swift; path = AdColonyVideoAd.swift; sourceTree = "<group>"; };
		7209221821887BF900E6AC03 /* CoreGraphics.framework */ = {isa = PBXFileReference; lastKnownFileType = wrapper.framework; name = CoreGraphics.framework; path = System/Library/Frameworks/CoreGraphics.framework; sourceTree = SDKROOT; };
		7209221A21887C0D00E6AC03 /* UIKit.framework */ = {isa = PBXFileReference; lastKnownFileType = wrapper.framework; name = UIKit.framework; path = System/Library/Frameworks/UIKit.framework; sourceTree = SDKROOT; };
		7209221C21887C1900E6AC03 /* libz.tbd */ = {isa = PBXFileReference; lastKnownFileType = "sourcecode.text-based-dylib-definition"; name = libz.tbd; path = usr/lib/libz.tbd; sourceTree = SDKROOT; };
		7209222021887F1600E6AC03 /* AppLovinVideoAd.swift */ = {isa = PBXFileReference; lastKnownFileType = sourcecode.swift; path = AppLovinVideoAd.swift; sourceTree = "<group>"; };
		7228F44C2192EEB300250B31 /* VungleSDKProtocol.swift */ = {isa = PBXFileReference; lastKnownFileType = sourcecode.swift; path = VungleSDKProtocol.swift; sourceTree = "<group>"; };
		7228F4502192F06B00250B31 /* MockVungleSDK.swift */ = {isa = PBXFileReference; lastKnownFileType = sourcecode.swift; path = MockVungleSDK.swift; sourceTree = "<group>"; };
		7247DC2F219309F400094F88 /* VungleVideoAdTests.swift */ = {isa = PBXFileReference; lastKnownFileType = sourcecode.swift; path = VungleVideoAdTests.swift; sourceTree = "<group>"; };
		7247DC3121930AA700094F88 /* MockAdDelegate.swift */ = {isa = PBXFileReference; lastKnownFileType = sourcecode.swift; path = MockAdDelegate.swift; sourceTree = "<group>"; };
		724C0E31218AE960004472DA /* CFNetwork.framework */ = {isa = PBXFileReference; lastKnownFileType = wrapper.framework; name = CFNetwork.framework; path = System/Library/Frameworks/CFNetwork.framework; sourceTree = SDKROOT; };
		724C0E33218AEA26004472DA /* MediaPlayer.framework */ = {isa = PBXFileReference; lastKnownFileType = wrapper.framework; name = MediaPlayer.framework; path = System/Library/Frameworks/MediaPlayer.framework; sourceTree = SDKROOT; };
		724C0E35218AEA2E004472DA /* QuartzCore.framework */ = {isa = PBXFileReference; lastKnownFileType = wrapper.framework; name = QuartzCore.framework; path = System/Library/Frameworks/QuartzCore.framework; sourceTree = SDKROOT; };
		724C0E37218AF1B7004472DA /* VungleVideoAd.swift */ = {isa = PBXFileReference; lastKnownFileType = sourcecode.swift; path = VungleVideoAd.swift; sourceTree = "<group>"; };
		724C0E39218AFB0E004472DA /* CoreLocation.framework */ = {isa = PBXFileReference; lastKnownFileType = wrapper.framework; name = CoreLocation.framework; path = System/Library/Frameworks/CoreLocation.framework; sourceTree = SDKROOT; };
		724C0E3B218AFB22004472DA /* SafariServices.framework */ = {isa = PBXFileReference; lastKnownFileType = wrapper.framework; name = SafariServices.framework; path = System/Library/Frameworks/SafariServices.framework; sourceTree = SDKROOT; };
		724C0FE9218B097F004472DA /* TimeOutTimer.swift */ = {isa = PBXFileReference; lastKnownFileType = sourcecode.swift; path = TimeOutTimer.swift; sourceTree = "<group>"; };
		725B69222189971B0038FDD3 /* AdMobVideoAd.swift */ = {isa = PBXFileReference; lastKnownFileType = sourcecode.swift; path = AdMobVideoAd.swift; sourceTree = "<group>"; };
		725B692A2189AFD50038FDD3 /* Foundation.framework */ = {isa = PBXFileReference; lastKnownFileType = wrapper.framework; name = Foundation.framework; path = System/Library/Frameworks/Foundation.framework; sourceTree = SDKROOT; };
		725B692C2189B2520038FDD3 /* ChartboostVideoAd.swift */ = {isa = PBXFileReference; lastKnownFileType = sourcecode.swift; path = ChartboostVideoAd.swift; sourceTree = "<group>"; };
		725B69362189BDF60038FDD3 /* libsqlite3.0.tbd */ = {isa = PBXFileReference; lastKnownFileType = "sourcecode.text-based-dylib-definition"; name = libsqlite3.0.tbd; path = usr/lib/libsqlite3.0.tbd; sourceTree = SDKROOT; };
		72810B502194035C00AB3757 /* ChartboostExtensionsTests.swift */ = {isa = PBXFileReference; lastKnownFileType = sourcecode.swift; path = ChartboostExtensionsTests.swift; sourceTree = "<group>"; };
		72810B522194043000AB3757 /* ChartboostAdapterTests.swift */ = {isa = PBXFileReference; lastKnownFileType = sourcecode.swift; path = ChartboostAdapterTests.swift; sourceTree = "<group>"; };
		72810B542194071100AB3757 /* ChartboostSDKProtocol.swift */ = {isa = PBXFileReference; lastKnownFileType = sourcecode.swift; path = ChartboostSDKProtocol.swift; sourceTree = "<group>"; };
		72810B57219409FF00AB3757 /* MockChartboostSDK.swift */ = {isa = PBXFileReference; lastKnownFileType = sourcecode.swift; path = MockChartboostSDK.swift; sourceTree = "<group>"; };
		72810B59219419D100AB3757 /* ChartboostAdTests.swift */ = {isa = PBXFileReference; lastKnownFileType = sourcecode.swift; path = ChartboostAdTests.swift; sourceTree = "<group>"; };
		728C07C8218C417900225757 /* VideoAdNetworkAdapterFactory.swift */ = {isa = PBXFileReference; lastKnownFileType = sourcecode.swift; path = VideoAdNetworkAdapterFactory.swift; sourceTree = "<group>"; };
		729B34FB2192D48F00DA33EE /* SortingStrategy.swift */ = {isa = PBXFileReference; lastKnownFileType = sourcecode.swift; path = SortingStrategy.swift; sourceTree = "<group>"; };
		729B34FD2192D7C600DA33EE /* MockSortingStrategy.swift */ = {isa = PBXFileReference; lastKnownFileType = sourcecode.swift; path = MockSortingStrategy.swift; sourceTree = "<group>"; };
		729B34FF2192E26F00DA33EE /* SortingStrategyTests.swift */ = {isa = PBXFileReference; lastKnownFileType = sourcecode.swift; path = SortingStrategyTests.swift; sourceTree = "<group>"; };
		72AA361A2186CC45004A3ECB /* VideoAd.swift */ = {isa = PBXFileReference; lastKnownFileType = sourcecode.swift; path = VideoAd.swift; sourceTree = "<group>"; };
		72CEA724219179D000FF0822 /* VideoAdSettingsTests.swift */ = {isa = PBXFileReference; lastKnownFileType = sourcecode.swift; path = VideoAdSettingsTests.swift; sourceTree = "<group>"; };
		72CEA7272191812E00FF0822 /* TimeOutTimerTests.swift */ = {isa = PBXFileReference; lastKnownFileType = sourcecode.swift; path = TimeOutTimerTests.swift; sourceTree = "<group>"; };
		72CEA72A2191920700FF0822 /* MockFactory.swift */ = {isa = PBXFileReference; lastKnownFileType = sourcecode.swift; path = MockFactory.swift; sourceTree = "<group>"; };
		72CEA72C2191924000FF0822 /* MockTimeOutableNetwork.swift */ = {isa = PBXFileReference; lastKnownFileType = sourcecode.swift; path = MockTimeOutableNetwork.swift; sourceTree = "<group>"; };
		72CEA72E2191926500FF0822 /* MockTimer.swift */ = {isa = PBXFileReference; lastKnownFileType = sourcecode.swift; path = MockTimer.swift; sourceTree = "<group>"; };
		72CEA730219194E900FF0822 /* TimeOutableVideoAdNetworkAdapterTests.swift */ = {isa = PBXFileReference; lastKnownFileType = sourcecode.swift; path = TimeOutableVideoAdNetworkAdapterTests.swift; sourceTree = "<group>"; };
		72CEA7322191979200FF0822 /* MockStandardTimeOutableNetwork.swift */ = {isa = PBXFileReference; lastKnownFileType = sourcecode.swift; path = MockStandardTimeOutableNetwork.swift; sourceTree = "<group>"; };
		72CEA734219197CB00FF0822 /* MockNetworkDelegate.swift */ = {isa = PBXFileReference; lastKnownFileType = sourcecode.swift; path = MockNetworkDelegate.swift; sourceTree = "<group>"; };
		72CEA736219198FD00FF0822 /* ArrayExtensionTests.swift */ = {isa = PBXFileReference; lastKnownFileType = sourcecode.swift; path = ArrayExtensionTests.swift; sourceTree = "<group>"; };
		72CEA73821919ACE00FF0822 /* VideoAdNetworkAdapterFactoryTests.swift */ = {isa = PBXFileReference; lastKnownFileType = sourcecode.swift; path = VideoAdNetworkAdapterFactoryTests.swift; sourceTree = "<group>"; };
		72CEA73A21919D9E00FF0822 /* MockVideoAdNetworkAdapter.swift */ = {isa = PBXFileReference; lastKnownFileType = sourcecode.swift; path = MockVideoAdNetworkAdapter.swift; sourceTree = "<group>"; };
		72CEA73C2191A7AB00FF0822 /* VideoAdLoaderTests.swift */ = {isa = PBXFileReference; lastKnownFileType = sourcecode.swift; path = VideoAdLoaderTests.swift; sourceTree = "<group>"; };
		72CEA73E2191B15300FF0822 /* MockSettings.swift */ = {isa = PBXFileReference; lastKnownFileType = sourcecode.swift; path = MockSettings.swift; sourceTree = "<group>"; };
		72CEA7402191B88900FF0822 /* MockAd.swift */ = {isa = PBXFileReference; lastKnownFileType = sourcecode.swift; path = MockAd.swift; sourceTree = "<group>"; };
		72CEA7422191D4C600FF0822 /* MockVideoAdLoaderDelegate.swift */ = {isa = PBXFileReference; lastKnownFileType = sourcecode.swift; path = MockVideoAdLoaderDelegate.swift; sourceTree = "<group>"; };
		72EF2A062192E77000DE1DB6 /* VungleExtensionsTests.swift */ = {isa = PBXFileReference; lastKnownFileType = sourcecode.swift; path = VungleExtensionsTests.swift; sourceTree = "<group>"; };
		72EF2A082192EBC800DE1DB6 /* VungleAdapterTests.swift */ = {isa = PBXFileReference; lastKnownFileType = sourcecode.swift; path = VungleAdapterTests.swift; sourceTree = "<group>"; };
		72F117F8218314FE00C3C805 /* iOS Video Interstitial Advert Mediator.app */ = {isa = PBXFileReference; explicitFileType = wrapper.application; includeInIndex = 0; path = "iOS Video Interstitial Advert Mediator.app"; sourceTree = BUILT_PRODUCTS_DIR; };
		72F117FB218314FE00C3C805 /* AppDelegate.swift */ = {isa = PBXFileReference; lastKnownFileType = sourcecode.swift; path = AppDelegate.swift; sourceTree = "<group>"; };
		72F117FD218314FE00C3C805 /* ViewController.swift */ = {isa = PBXFileReference; lastKnownFileType = sourcecode.swift; path = ViewController.swift; sourceTree = "<group>"; };
		72F11800218314FE00C3C805 /* Base */ = {isa = PBXFileReference; lastKnownFileType = file.storyboard; name = Base; path = Base.lproj/Main.storyboard; sourceTree = "<group>"; };
		72F11802218314FF00C3C805 /* Assets.xcassets */ = {isa = PBXFileReference; lastKnownFileType = folder.assetcatalog; path = Assets.xcassets; sourceTree = "<group>"; };
		72F11805218314FF00C3C805 /* Base */ = {isa = PBXFileReference; lastKnownFileType = file.storyboard; name = Base; path = Base.lproj/LaunchScreen.storyboard; sourceTree = "<group>"; };
		72F11807218314FF00C3C805 /* Info.plist */ = {isa = PBXFileReference; lastKnownFileType = text.plist.xml; path = Info.plist; sourceTree = "<group>"; };
		72F1180C218314FF00C3C805 /* iOS Video Interstitial Advert MediatorTests.xctest */ = {isa = PBXFileReference; explicitFileType = wrapper.cfbundle; includeInIndex = 0; path = "iOS Video Interstitial Advert MediatorTests.xctest"; sourceTree = BUILT_PRODUCTS_DIR; };
		72F11812218314FF00C3C805 /* Info.plist */ = {isa = PBXFileReference; lastKnownFileType = text.plist.xml; path = Info.plist; sourceTree = "<group>"; };
		72F689842186D56A0035C76C /* VideoAdNetworkAdapter.swift */ = {isa = PBXFileReference; lastKnownFileType = sourcecode.swift; path = VideoAdNetworkAdapter.swift; sourceTree = "<group>"; };
		72F689862186FE980035C76C /* VideoAdLoader.swift */ = {isa = PBXFileReference; lastKnownFileType = sourcecode.swift; path = VideoAdLoader.swift; sourceTree = "<group>"; };
		72F6898A2187005C0035C76C /* VideoAdSettings.swift */ = {isa = PBXFileReference; lastKnownFileType = sourcecode.swift; path = VideoAdSettings.swift; sourceTree = "<group>"; };
		72F6898D218716A50035C76C /* AdColonyAdapter.swift */ = {isa = PBXFileReference; lastKnownFileType = sourcecode.swift; path = AdColonyAdapter.swift; sourceTree = "<group>"; };
		72F6898F2187175F0035C76C /* AppLovinAdapter.swift */ = {isa = PBXFileReference; lastKnownFileType = sourcecode.swift; path = AppLovinAdapter.swift; sourceTree = "<group>"; };
		72F68991218717B20035C76C /* AdMobAdapter.swift */ = {isa = PBXFileReference; lastKnownFileType = sourcecode.swift; path = AdMobAdapter.swift; sourceTree = "<group>"; };
		72F68993218718280035C76C /* ChartboostAdapter.swift */ = {isa = PBXFileReference; lastKnownFileType = sourcecode.swift; path = ChartboostAdapter.swift; sourceTree = "<group>"; };
		72F6899B218719680035C76C /* VungleAdapter.swift */ = {isa = PBXFileReference; lastKnownFileType = sourcecode.swift; path = VungleAdapter.swift; sourceTree = "<group>"; };
		72FFD86621902194002B1E28 /* CoreVungleExtensions.swift */ = {isa = PBXFileReference; lastKnownFileType = sourcecode.swift; path = CoreVungleExtensions.swift; sourceTree = "<group>"; };
		72FFD868219023BD002B1E28 /* CoreChartboostExtensions.swift */ = {isa = PBXFileReference; lastKnownFileType = sourcecode.swift; path = CoreChartboostExtensions.swift; sourceTree = "<group>"; };
		72FFD86A21902402002B1E28 /* CoreAdMobExtensions.swift */ = {isa = PBXFileReference; lastKnownFileType = sourcecode.swift; path = CoreAdMobExtensions.swift; sourceTree = "<group>"; };
		72FFD86C21902434002B1E28 /* CoreAppLovinExtensions.swift */ = {isa = PBXFileReference; lastKnownFileType = sourcecode.swift; path = CoreAppLovinExtensions.swift; sourceTree = "<group>"; };
		72FFD86E21902467002B1E28 /* CoreAdColonyExtensions.swift */ = {isa = PBXFileReference; lastKnownFileType = sourcecode.swift; path = CoreAdColonyExtensions.swift; sourceTree = "<group>"; };
		72FFD87C21902839002B1E28 /* VungleSDK.framework */ = {isa = PBXFileReference; lastKnownFileType = wrapper.framework; path = VungleSDK.framework; sourceTree = "<group>"; };
		72FFD87E21902846002B1E28 /* GoogleMobileAds.framework */ = {isa = PBXFileReference; lastKnownFileType = wrapper.framework; path = GoogleMobileAds.framework; sourceTree = "<group>"; };
		72FFD88021902856002B1E28 /* CHAMoatMobileAppKit.framework */ = {isa = PBXFileReference; lastKnownFileType = wrapper.framework; path = CHAMoatMobileAppKit.framework; sourceTree = "<group>"; };
		72FFD88121902857002B1E28 /* Chartboost.framework */ = {isa = PBXFileReference; lastKnownFileType = wrapper.framework; path = Chartboost.framework; sourceTree = "<group>"; };
		72FFD8842190286C002B1E28 /* AppLovinSDK.framework */ = {isa = PBXFileReference; lastKnownFileType = wrapper.framework; path = AppLovinSDK.framework; sourceTree = "<group>"; };
		72FFD88621902875002B1E28 /* AdColony.framework */ = {isa = PBXFileReference; lastKnownFileType = wrapper.framework; path = AdColony.framework; sourceTree = "<group>"; };
/* End PBXFileReference section */

/* Begin PBXFrameworksBuildPhase section */
		72F117F5218314FE00C3C805 /* Frameworks */ = {
			isa = PBXFrameworksBuildPhase;
			buildActionMask = 2147483647;
			files = (
				7209221B21887C0D00E6AC03 /* UIKit.framework in Frameworks */,
				724C0E3C218AFB22004472DA /* SafariServices.framework in Frameworks */,
				72FFD87F21902846002B1E28 /* GoogleMobileAds.framework in Frameworks */,
				724C0E3A218AFB0E004472DA /* CoreLocation.framework in Frameworks */,
				724C0E36218AEA2E004472DA /* QuartzCore.framework in Frameworks */,
				724C0E34218AEA26004472DA /* MediaPlayer.framework in Frameworks */,
				724C0E32218AE961004472DA /* CFNetwork.framework in Frameworks */,
				72FFD8852190286C002B1E28 /* AppLovinSDK.framework in Frameworks */,
				725B69372189BDF60038FDD3 /* libsqlite3.0.tbd in Frameworks */,
				725B692B2189AFD50038FDD3 /* Foundation.framework in Frameworks */,
				7209221D21887C1900E6AC03 /* libz.tbd in Frameworks */,
				7209221921887BFA00E6AC03 /* CoreGraphics.framework in Frameworks */,
				720347A621885B4300918FB5 /* WebKit.framework in Frameworks */,
				720347A421885B3B00918FB5 /* WatchConnectivity.framework in Frameworks */,
				72FFD88221902857002B1E28 /* CHAMoatMobileAppKit.framework in Frameworks */,
				720347A221885B3300918FB5 /* SystemConfiguration.framework in Frameworks */,
				720347A021885B2B00918FB5 /* StoreKit.framework in Frameworks */,
				7203479E21885B2300918FB5 /* Social.framework in Frameworks */,
				7203479C21885B1B00918FB5 /* MobileCoreServices.framework in Frameworks */,
				72FFD88721902875002B1E28 /* AdColony.framework in Frameworks */,
				7203479A21885B1300918FB5 /* MessageUI.framework in Frameworks */,
				7203479821885B0A00918FB5 /* JavaScriptCore.framework in Frameworks */,
				7203479621885B0300918FB5 /* CoreTelephony.framework in Frameworks */,
				72FFD88321902857002B1E28 /* Chartboost.framework in Frameworks */,
				7203479421885AFB00918FB5 /* CoreMedia.framework in Frameworks */,
				7203479221885AF200918FB5 /* AVFoundation.framework in Frameworks */,
				7203479021885AE500918FB5 /* AudioToolbox.framework in Frameworks */,
				7203478E21885ADE00918FB5 /* AdSupport.framework in Frameworks */,
				72FFD87D21902839002B1E28 /* VungleSDK.framework in Frameworks */,
				7203478C21885ACF00918FB5 /* libz.1.2.5.tbd in Frameworks */,
			);
			runOnlyForDeploymentPostprocessing = 0;
		};
		72F11809218314FF00C3C805 /* Frameworks */ = {
			isa = PBXFrameworksBuildPhase;
			buildActionMask = 2147483647;
			files = (
			);
			runOnlyForDeploymentPostprocessing = 0;
		};
/* End PBXFrameworksBuildPhase section */

/* Begin PBXGroup section */
		7203478A21885ACF00918FB5 /* Frameworks */ = {
			isa = PBXGroup;
			children = (
				724C0E3B218AFB22004472DA /* SafariServices.framework */,
				724C0E39218AFB0E004472DA /* CoreLocation.framework */,
				724C0E35218AEA2E004472DA /* QuartzCore.framework */,
				724C0E33218AEA26004472DA /* MediaPlayer.framework */,
				724C0E31218AE960004472DA /* CFNetwork.framework */,
				725B69362189BDF60038FDD3 /* libsqlite3.0.tbd */,
				725B692A2189AFD50038FDD3 /* Foundation.framework */,
				7209221C21887C1900E6AC03 /* libz.tbd */,
				7209221A21887C0D00E6AC03 /* UIKit.framework */,
				7209221821887BF900E6AC03 /* CoreGraphics.framework */,
				720347A521885B4300918FB5 /* WebKit.framework */,
				720347A321885B3B00918FB5 /* WatchConnectivity.framework */,
				720347A121885B3300918FB5 /* SystemConfiguration.framework */,
				7203479F21885B2B00918FB5 /* StoreKit.framework */,
				7203479D21885B2300918FB5 /* Social.framework */,
				7203479B21885B1B00918FB5 /* MobileCoreServices.framework */,
				7203479921885B1300918FB5 /* MessageUI.framework */,
				7203479721885B0A00918FB5 /* JavaScriptCore.framework */,
				7203479521885B0300918FB5 /* CoreTelephony.framework */,
				7203479321885AFB00918FB5 /* CoreMedia.framework */,
				7203479121885AF200918FB5 /* AVFoundation.framework */,
				7203478F21885AE500918FB5 /* AudioToolbox.framework */,
				7203478D21885ADE00918FB5 /* AdSupport.framework */,
				7203478B21885ACF00918FB5 /* libz.1.2.5.tbd */,
			);
			name = Frameworks;
			sourceTree = "<group>";
		};
		7228F44B2192EE2600250B31 /* Mocks */ = {
			isa = PBXGroup;
			children = (
				7228F4502192F06B00250B31 /* MockVungleSDK.swift */,
			);
			path = Mocks;
			sourceTree = "<group>";
		};
		72810B4F2194033B00AB3757 /* Chartboost */ = {
			isa = PBXGroup;
			children = (
				72810B56219409F000AB3757 /* Mocks */,
				72810B502194035C00AB3757 /* ChartboostExtensionsTests.swift */,
				72810B522194043000AB3757 /* ChartboostAdapterTests.swift */,
				72810B59219419D100AB3757 /* ChartboostAdTests.swift */,
			);
			path = Chartboost;
			sourceTree = "<group>";
		};
		72810B56219409F000AB3757 /* Mocks */ = {
			isa = PBXGroup;
			children = (
				72810B57219409FF00AB3757 /* MockChartboostSDK.swift */,
			);
			path = Mocks;
			sourceTree = "<group>";
		};
		72CEA726219180A700FF0822 /* Core */ = {
			isa = PBXGroup;
			children = (
				72CEA729219191E000FF0822 /* Mocks */,
				72CEA724219179D000FF0822 /* VideoAdSettingsTests.swift */,
				72CEA7272191812E00FF0822 /* TimeOutTimerTests.swift */,
				72CEA730219194E900FF0822 /* TimeOutableVideoAdNetworkAdapterTests.swift */,
				72CEA736219198FD00FF0822 /* ArrayExtensionTests.swift */,
				72CEA73821919ACE00FF0822 /* VideoAdNetworkAdapterFactoryTests.swift */,
				72CEA73C2191A7AB00FF0822 /* VideoAdLoaderTests.swift */,
				729B34FF2192E26F00DA33EE /* SortingStrategyTests.swift */,
			);
			path = Core;
			sourceTree = "<group>";
		};
		72CEA729219191E000FF0822 /* Mocks */ = {
			isa = PBXGroup;
			children = (
				72CEA72A2191920700FF0822 /* MockFactory.swift */,
				72CEA72C2191924000FF0822 /* MockTimeOutableNetwork.swift */,
				72CEA7322191979200FF0822 /* MockStandardTimeOutableNetwork.swift */,
				72CEA72E2191926500FF0822 /* MockTimer.swift */,
				72CEA734219197CB00FF0822 /* MockNetworkDelegate.swift */,
				72CEA73A21919D9E00FF0822 /* MockVideoAdNetworkAdapter.swift */,
				72CEA73E2191B15300FF0822 /* MockSettings.swift */,
				72CEA7402191B88900FF0822 /* MockAd.swift */,
				72CEA7422191D4C600FF0822 /* MockVideoAdLoaderDelegate.swift */,
				729B34FD2192D7C600DA33EE /* MockSortingStrategy.swift */,
				7247DC3121930AA700094F88 /* MockAdDelegate.swift */,
			);
			path = Mocks;
			sourceTree = "<group>";
		};
		72EF2A052192E6DE00DE1DB6 /* Vungle */ = {
			isa = PBXGroup;
			children = (
				7228F44B2192EE2600250B31 /* Mocks */,
				72EF2A062192E77000DE1DB6 /* VungleExtensionsTests.swift */,
				72EF2A082192EBC800DE1DB6 /* VungleAdapterTests.swift */,
				7247DC2F219309F400094F88 /* VungleVideoAdTests.swift */,
			);
			path = Vungle;
			sourceTree = "<group>";
		};
		72F117EF218314FE00C3C805 = {
			isa = PBXGroup;
			children = (
				72F117FA218314FE00C3C805 /* iOS Video Interstitial Advert Mediator */,
				72F1180F218314FF00C3C805 /* iOS Video Interstitial Advert MediatorTests */,
				72F117F9218314FE00C3C805 /* Products */,
				7203478A21885ACF00918FB5 /* Frameworks */,
			);
			sourceTree = "<group>";
		};
		72F117F9218314FE00C3C805 /* Products */ = {
			isa = PBXGroup;
			children = (
				72F117F8218314FE00C3C805 /* iOS Video Interstitial Advert Mediator.app */,
				72F1180C218314FF00C3C805 /* iOS Video Interstitial Advert MediatorTests.xctest */,
			);
			name = Products;
			sourceTree = "<group>";
		};
		72F117FA218314FE00C3C805 /* iOS Video Interstitial Advert Mediator */ = {
			isa = PBXGroup;
			children = (
				72FFD8602190202D002B1E28 /* Core */,
				72FFD86521902088002B1E28 /* Vungle */,
				72FFD8642190207D002B1E28 /* Chartboost */,
				72FFD86321902073002B1E28 /* AdMob */,
				72FFD86221902069002B1E28 /* AppLovin */,
				72FFD8612190205D002B1E28 /* AdColony */,
				72F117FB218314FE00C3C805 /* AppDelegate.swift */,
				72F117FD218314FE00C3C805 /* ViewController.swift */,
				72F117FF218314FE00C3C805 /* Main.storyboard */,
				72F11802218314FF00C3C805 /* Assets.xcassets */,
				72F11804218314FF00C3C805 /* LaunchScreen.storyboard */,
				72F11807218314FF00C3C805 /* Info.plist */,
				720347A721885C3200918FB5 /* iOS Video Interstitial Advert Mediator-Bridging-Header.h */,
			);
			path = "iOS Video Interstitial Advert Mediator";
			sourceTree = "<group>";
		};
		72F1180F218314FF00C3C805 /* iOS Video Interstitial Advert MediatorTests */ = {
			isa = PBXGroup;
			children = (
				72CEA726219180A700FF0822 /* Core */,
				72EF2A052192E6DE00DE1DB6 /* Vungle */,
				72810B4F2194033B00AB3757 /* Chartboost */,
				72F11812218314FF00C3C805 /* Info.plist */,
			);
			path = "iOS Video Interstitial Advert MediatorTests";
			sourceTree = "<group>";
		};
		72FFD8602190202D002B1E28 /* Core */ = {
			isa = PBXGroup;
			children = (
				72F6898A2187005C0035C76C /* VideoAdSettings.swift */,
				72F689862186FE980035C76C /* VideoAdLoader.swift */,
				72F689842186D56A0035C76C /* VideoAdNetworkAdapter.swift */,
				728C07C8218C417900225757 /* VideoAdNetworkAdapterFactory.swift */,
				72AA361A2186CC45004A3ECB /* VideoAd.swift */,
				724C0FE9218B097F004472DA /* TimeOutTimer.swift */,
				729B34FB2192D48F00DA33EE /* SortingStrategy.swift */,
			);
			path = Core;
			sourceTree = "<group>";
		};
		72FFD8612190205D002B1E28 /* AdColony */ = {
			isa = PBXGroup;
			children = (
				72FFD86E21902467002B1E28 /* CoreAdColonyExtensions.swift */,
				72F6898D218716A50035C76C /* AdColonyAdapter.swift */,
				720347AA2188607D00918FB5 /* AdColonyVideoAd.swift */,
				72FFD88621902875002B1E28 /* AdColony.framework */,
			);
			path = AdColony;
			sourceTree = "<group>";
		};
		72FFD86221902069002B1E28 /* AppLovin */ = {
			isa = PBXGroup;
			children = (
				72FFD86C21902434002B1E28 /* CoreAppLovinExtensions.swift */,
				72F6898F2187175F0035C76C /* AppLovinAdapter.swift */,
				7209222021887F1600E6AC03 /* AppLovinVideoAd.swift */,
				72FFD8842190286C002B1E28 /* AppLovinSDK.framework */,
			);
			path = AppLovin;
			sourceTree = "<group>";
		};
		72FFD86321902073002B1E28 /* AdMob */ = {
			isa = PBXGroup;
			children = (
				72FFD86A21902402002B1E28 /* CoreAdMobExtensions.swift */,
				72F68991218717B20035C76C /* AdMobAdapter.swift */,
				725B69222189971B0038FDD3 /* AdMobVideoAd.swift */,
				72FFD87E21902846002B1E28 /* GoogleMobileAds.framework */,
			);
			path = AdMob;
			sourceTree = "<group>";
		};
		72FFD8642190207D002B1E28 /* Chartboost */ = {
			isa = PBXGroup;
			children = (
				72FFD868219023BD002B1E28 /* CoreChartboostExtensions.swift */,
				72810B542194071100AB3757 /* ChartboostSDKProtocol.swift */,
				72F68993218718280035C76C /* ChartboostAdapter.swift */,
				725B692C2189B2520038FDD3 /* ChartboostVideoAd.swift */,
				72FFD88021902856002B1E28 /* CHAMoatMobileAppKit.framework */,
				72FFD88121902857002B1E28 /* Chartboost.framework */,
			);
			path = Chartboost;
			sourceTree = "<group>";
		};
		72FFD86521902088002B1E28 /* Vungle */ = {
			isa = PBXGroup;
			children = (
				72FFD86621902194002B1E28 /* CoreVungleExtensions.swift */,
				7228F44C2192EEB300250B31 /* VungleSDKProtocol.swift */,
				72F6899B218719680035C76C /* VungleAdapter.swift */,
				724C0E37218AF1B7004472DA /* VungleVideoAd.swift */,
				72FFD87C21902839002B1E28 /* VungleSDK.framework */,
			);
			path = Vungle;
			sourceTree = "<group>";
		};
/* End PBXGroup section */

/* Begin PBXNativeTarget section */
		72F117F7218314FE00C3C805 /* iOS Video Interstitial Advert Mediator */ = {
			isa = PBXNativeTarget;
			buildConfigurationList = 72F11815218314FF00C3C805 /* Build configuration list for PBXNativeTarget "iOS Video Interstitial Advert Mediator" */;
			buildPhases = (
				72F117F4218314FE00C3C805 /* Sources */,
				72F117F5218314FE00C3C805 /* Frameworks */,
				72F117F6218314FE00C3C805 /* Resources */,
				72F6898C21870F650035C76C /* ShellScript */,
			);
			buildRules = (
			);
			dependencies = (
			);
			name = "iOS Video Interstitial Advert Mediator";
			productName = "iOS Video Interstitial Advert Mediator";
			productReference = 72F117F8218314FE00C3C805 /* iOS Video Interstitial Advert Mediator.app */;
			productType = "com.apple.product-type.application";
		};
		72F1180B218314FF00C3C805 /* iOS Video Interstitial Advert MediatorTests */ = {
			isa = PBXNativeTarget;
			buildConfigurationList = 72F11818218314FF00C3C805 /* Build configuration list for PBXNativeTarget "iOS Video Interstitial Advert MediatorTests" */;
			buildPhases = (
				72F11808218314FF00C3C805 /* Sources */,
				72F11809218314FF00C3C805 /* Frameworks */,
				72F1180A218314FF00C3C805 /* Resources */,
			);
			buildRules = (
			);
			dependencies = (
				72F1180E218314FF00C3C805 /* PBXTargetDependency */,
			);
			name = "iOS Video Interstitial Advert MediatorTests";
			productName = "iOS Video Interstitial Advert MediatorTests";
			productReference = 72F1180C218314FF00C3C805 /* iOS Video Interstitial Advert MediatorTests.xctest */;
			productType = "com.apple.product-type.bundle.unit-test";
		};
/* End PBXNativeTarget section */

/* Begin PBXProject section */
		72F117F0218314FE00C3C805 /* Project object */ = {
			isa = PBXProject;
			attributes = {
				LastSwiftUpdateCheck = 1000;
				LastUpgradeCheck = 1000;
				ORGANIZATIONNAME = "Pete Morris";
				TargetAttributes = {
					72F117F7218314FE00C3C805 = {
						CreatedOnToolsVersion = 10.0;
						LastSwiftMigration = 1000;
					};
					72F1180B218314FF00C3C805 = {
						CreatedOnToolsVersion = 10.0;
						LastSwiftMigration = 1000;
						TestTargetID = 72F117F7218314FE00C3C805;
					};
				};
			};
			buildConfigurationList = 72F117F3218314FE00C3C805 /* Build configuration list for PBXProject "iOS Video Interstitial Advert Mediator" */;
			compatibilityVersion = "Xcode 9.3";
			developmentRegion = en;
			hasScannedForEncodings = 0;
			knownRegions = (
				en,
				Base,
			);
			mainGroup = 72F117EF218314FE00C3C805;
			productRefGroup = 72F117F9218314FE00C3C805 /* Products */;
			projectDirPath = "";
			projectRoot = "";
			targets = (
				72F117F7218314FE00C3C805 /* iOS Video Interstitial Advert Mediator */,
				72F1180B218314FF00C3C805 /* iOS Video Interstitial Advert MediatorTests */,
			);
		};
/* End PBXProject section */

/* Begin PBXResourcesBuildPhase section */
		72F117F6218314FE00C3C805 /* Resources */ = {
			isa = PBXResourcesBuildPhase;
			buildActionMask = 2147483647;
			files = (
				72F11806218314FF00C3C805 /* LaunchScreen.storyboard in Resources */,
				72F11803218314FF00C3C805 /* Assets.xcassets in Resources */,
				72F11801218314FE00C3C805 /* Main.storyboard in Resources */,
			);
			runOnlyForDeploymentPostprocessing = 0;
		};
		72F1180A218314FF00C3C805 /* Resources */ = {
			isa = PBXResourcesBuildPhase;
			buildActionMask = 2147483647;
			files = (
			);
			runOnlyForDeploymentPostprocessing = 0;
		};
/* End PBXResourcesBuildPhase section */

/* Begin PBXShellScriptBuildPhase section */
		72F6898C21870F650035C76C /* ShellScript */ = {
			isa = PBXShellScriptBuildPhase;
			buildActionMask = 2147483647;
			files = (
			);
			inputFileListPaths = (
			);
			inputPaths = (
			);
			outputFileListPaths = (
			);
			outputPaths = (
			);
			runOnlyForDeploymentPostprocessing = 0;
			shellPath = /bin/sh;
			shellScript = "if which swiftlint >/dev/null; then\n    swiftlint\nelse\n    echo \"warning: SwiftLint not installed, download from https://github.com/realm/SwiftLint\"\nfi\n";
		};
/* End PBXShellScriptBuildPhase section */

/* Begin PBXSourcesBuildPhase section */
		72F117F4218314FE00C3C805 /* Sources */ = {
			isa = PBXSourcesBuildPhase;
			buildActionMask = 2147483647;
			files = (
				7228F44D2192EEB300250B31 /* VungleSDKProtocol.swift in Sources */,
				725B69232189971B0038FDD3 /* AdMobVideoAd.swift in Sources */,
				729B34FC2192D48F00DA33EE /* SortingStrategy.swift in Sources */,
				720347AB2188607D00918FB5 /* AdColonyVideoAd.swift in Sources */,
				72FFD86721902194002B1E28 /* CoreVungleExtensions.swift in Sources */,
				72FFD86D21902434002B1E28 /* CoreAppLovinExtensions.swift in Sources */,
				725B692D2189B2520038FDD3 /* ChartboostVideoAd.swift in Sources */,
				72FFD86F21902467002B1E28 /* CoreAdColonyExtensions.swift in Sources */,
				724C0FEA218B097F004472DA /* TimeOutTimer.swift in Sources */,
				72AA361B2186CC45004A3ECB /* VideoAd.swift in Sources */,
				72F6899C218719680035C76C /* VungleAdapter.swift in Sources */,
				72810B552194071100AB3757 /* ChartboostSDKProtocol.swift in Sources */,
				72F6898B2187005C0035C76C /* VideoAdSettings.swift in Sources */,
				72FFD86B21902402002B1E28 /* CoreAdMobExtensions.swift in Sources */,
				7209222121887F1600E6AC03 /* AppLovinVideoAd.swift in Sources */,
				728C07C9218C417900225757 /* VideoAdNetworkAdapterFactory.swift in Sources */,
				72F689872186FE980035C76C /* VideoAdLoader.swift in Sources */,
				72F117FE218314FE00C3C805 /* ViewController.swift in Sources */,
				724C0E38218AF1B7004472DA /* VungleVideoAd.swift in Sources */,
				72F6898E218716A50035C76C /* AdColonyAdapter.swift in Sources */,
				72F68992218717B20035C76C /* AdMobAdapter.swift in Sources */,
				72F117FC218314FE00C3C805 /* AppDelegate.swift in Sources */,
				72F689902187175F0035C76C /* AppLovinAdapter.swift in Sources */,
				72F68994218718280035C76C /* ChartboostAdapter.swift in Sources */,
				72F689852186D56A0035C76C /* VideoAdNetworkAdapter.swift in Sources */,
				72FFD869219023BD002B1E28 /* CoreChartboostExtensions.swift in Sources */,
			);
			runOnlyForDeploymentPostprocessing = 0;
		};
		72F11808218314FF00C3C805 /* Sources */ = {
			isa = PBXSourcesBuildPhase;
			buildActionMask = 2147483647;
			files = (
				72CEA73B21919D9E00FF0822 /* MockVideoAdNetworkAdapter.swift in Sources */,
				7247DC3221930AA700094F88 /* MockAdDelegate.swift in Sources */,
				72CEA73F2191B15300FF0822 /* MockSettings.swift in Sources */,
				72CEA73D2191A7AB00FF0822 /* VideoAdLoaderTests.swift in Sources */,
				72810B532194043000AB3757 /* ChartboostAdapterTests.swift in Sources */,
				72810B58219409FF00AB3757 /* MockChartboostSDK.swift in Sources */,
				7228F4512192F06B00250B31 /* MockVungleSDK.swift in Sources */,
				72810B512194035C00AB3757 /* ChartboostExtensionsTests.swift in Sources */,
				72CEA7332191979200FF0822 /* MockStandardTimeOutableNetwork.swift in Sources */,
				72CEA725219179D000FF0822 /* VideoAdSettingsTests.swift in Sources */,
				72CEA737219198FD00FF0822 /* ArrayExtensionTests.swift in Sources */,
				72EF2A092192EBC800DE1DB6 /* VungleAdapterTests.swift in Sources */,
				72EF2A072192E77000DE1DB6 /* VungleExtensionsTests.swift in Sources */,
				72CEA731219194E900FF0822 /* TimeOutableVideoAdNetworkAdapterTests.swift in Sources */,
				729B34FE2192D7C600DA33EE /* MockSortingStrategy.swift in Sources */,
				72CEA735219197CB00FF0822 /* MockNetworkDelegate.swift in Sources */,
				7247DC30219309F400094F88 /* VungleVideoAdTests.swift in Sources */,
				72CEA7282191812E00FF0822 /* TimeOutTimerTests.swift in Sources */,
				72CEA7432191D4C600FF0822 /* MockVideoAdLoaderDelegate.swift in Sources */,
				72CEA73921919ACE00FF0822 /* VideoAdNetworkAdapterFactoryTests.swift in Sources */,
				72CEA7412191B88900FF0822 /* MockAd.swift in Sources */,
				72CEA72D2191924000FF0822 /* MockTimeOutableNetwork.swift in Sources */,
				72CEA72B2191920700FF0822 /* MockFactory.swift in Sources */,
				72CEA72F2191926500FF0822 /* MockTimer.swift in Sources */,
				729B35002192E26F00DA33EE /* SortingStrategyTests.swift in Sources */,
				72810B5A219419D100AB3757 /* ChartboostAdTests.swift in Sources */,
			);
			runOnlyForDeploymentPostprocessing = 0;
		};
/* End PBXSourcesBuildPhase section */

/* Begin PBXTargetDependency section */
		72F1180E218314FF00C3C805 /* PBXTargetDependency */ = {
			isa = PBXTargetDependency;
			target = 72F117F7218314FE00C3C805 /* iOS Video Interstitial Advert Mediator */;
			targetProxy = 72F1180D218314FF00C3C805 /* PBXContainerItemProxy */;
		};
/* End PBXTargetDependency section */

/* Begin PBXVariantGroup section */
		72F117FF218314FE00C3C805 /* Main.storyboard */ = {
			isa = PBXVariantGroup;
			children = (
				72F11800218314FE00C3C805 /* Base */,
			);
			name = Main.storyboard;
			sourceTree = "<group>";
		};
		72F11804218314FF00C3C805 /* LaunchScreen.storyboard */ = {
			isa = PBXVariantGroup;
			children = (
				72F11805218314FF00C3C805 /* Base */,
			);
			name = LaunchScreen.storyboard;
			sourceTree = "<group>";
		};
/* End PBXVariantGroup section */

/* Begin XCBuildConfiguration section */
		72F11813218314FF00C3C805 /* Debug */ = {
			isa = XCBuildConfiguration;
			buildSettings = {
				ALWAYS_SEARCH_USER_PATHS = NO;
				CLANG_ANALYZER_NONNULL = YES;
				CLANG_ANALYZER_NUMBER_OBJECT_CONVERSION = YES_AGGRESSIVE;
				CLANG_CXX_LANGUAGE_STANDARD = "gnu++14";
				CLANG_CXX_LIBRARY = "libc++";
				CLANG_ENABLE_MODULES = YES;
				CLANG_ENABLE_OBJC_ARC = YES;
				CLANG_ENABLE_OBJC_WEAK = YES;
				CLANG_WARN_BLOCK_CAPTURE_AUTORELEASING = YES;
				CLANG_WARN_BOOL_CONVERSION = YES;
				CLANG_WARN_COMMA = YES;
				CLANG_WARN_CONSTANT_CONVERSION = YES;
				CLANG_WARN_DEPRECATED_OBJC_IMPLEMENTATIONS = YES;
				CLANG_WARN_DIRECT_OBJC_ISA_USAGE = YES_ERROR;
				CLANG_WARN_DOCUMENTATION_COMMENTS = YES;
				CLANG_WARN_EMPTY_BODY = YES;
				CLANG_WARN_ENUM_CONVERSION = YES;
				CLANG_WARN_INFINITE_RECURSION = YES;
				CLANG_WARN_INT_CONVERSION = YES;
				CLANG_WARN_NON_LITERAL_NULL_CONVERSION = YES;
				CLANG_WARN_OBJC_IMPLICIT_RETAIN_SELF = YES;
				CLANG_WARN_OBJC_LITERAL_CONVERSION = YES;
				CLANG_WARN_OBJC_ROOT_CLASS = YES_ERROR;
				CLANG_WARN_RANGE_LOOP_ANALYSIS = YES;
				CLANG_WARN_STRICT_PROTOTYPES = YES;
				CLANG_WARN_SUSPICIOUS_MOVE = YES;
				CLANG_WARN_UNGUARDED_AVAILABILITY = YES_AGGRESSIVE;
				CLANG_WARN_UNREACHABLE_CODE = YES;
				CLANG_WARN__DUPLICATE_METHOD_MATCH = YES;
				CODE_SIGN_IDENTITY = "iPhone Developer";
				COPY_PHASE_STRIP = NO;
				DEBUG_INFORMATION_FORMAT = dwarf;
				ENABLE_STRICT_OBJC_MSGSEND = YES;
				ENABLE_TESTABILITY = YES;
				GCC_C_LANGUAGE_STANDARD = gnu11;
				GCC_DYNAMIC_NO_PIC = NO;
				GCC_NO_COMMON_BLOCKS = YES;
				GCC_OPTIMIZATION_LEVEL = 0;
				GCC_PREPROCESSOR_DEFINITIONS = (
					"DEBUG=1",
					"$(inherited)",
				);
				GCC_WARN_64_TO_32_BIT_CONVERSION = YES;
				GCC_WARN_ABOUT_RETURN_TYPE = YES_ERROR;
				GCC_WARN_UNDECLARED_SELECTOR = YES;
				GCC_WARN_UNINITIALIZED_AUTOS = YES_AGGRESSIVE;
				GCC_WARN_UNUSED_FUNCTION = YES;
				GCC_WARN_UNUSED_VARIABLE = YES;
				IPHONEOS_DEPLOYMENT_TARGET = 12.0;
				MTL_ENABLE_DEBUG_INFO = INCLUDE_SOURCE;
				MTL_FAST_MATH = YES;
				ONLY_ACTIVE_ARCH = YES;
				SDKROOT = iphoneos;
				SWIFT_ACTIVE_COMPILATION_CONDITIONS = DEBUG;
				SWIFT_OPTIMIZATION_LEVEL = "-Onone";
			};
			name = Debug;
		};
		72F11814218314FF00C3C805 /* Release */ = {
			isa = XCBuildConfiguration;
			buildSettings = {
				ALWAYS_SEARCH_USER_PATHS = NO;
				CLANG_ANALYZER_NONNULL = YES;
				CLANG_ANALYZER_NUMBER_OBJECT_CONVERSION = YES_AGGRESSIVE;
				CLANG_CXX_LANGUAGE_STANDARD = "gnu++14";
				CLANG_CXX_LIBRARY = "libc++";
				CLANG_ENABLE_MODULES = YES;
				CLANG_ENABLE_OBJC_ARC = YES;
				CLANG_ENABLE_OBJC_WEAK = YES;
				CLANG_WARN_BLOCK_CAPTURE_AUTORELEASING = YES;
				CLANG_WARN_BOOL_CONVERSION = YES;
				CLANG_WARN_COMMA = YES;
				CLANG_WARN_CONSTANT_CONVERSION = YES;
				CLANG_WARN_DEPRECATED_OBJC_IMPLEMENTATIONS = YES;
				CLANG_WARN_DIRECT_OBJC_ISA_USAGE = YES_ERROR;
				CLANG_WARN_DOCUMENTATION_COMMENTS = YES;
				CLANG_WARN_EMPTY_BODY = YES;
				CLANG_WARN_ENUM_CONVERSION = YES;
				CLANG_WARN_INFINITE_RECURSION = YES;
				CLANG_WARN_INT_CONVERSION = YES;
				CLANG_WARN_NON_LITERAL_NULL_CONVERSION = YES;
				CLANG_WARN_OBJC_IMPLICIT_RETAIN_SELF = YES;
				CLANG_WARN_OBJC_LITERAL_CONVERSION = YES;
				CLANG_WARN_OBJC_ROOT_CLASS = YES_ERROR;
				CLANG_WARN_RANGE_LOOP_ANALYSIS = YES;
				CLANG_WARN_STRICT_PROTOTYPES = YES;
				CLANG_WARN_SUSPICIOUS_MOVE = YES;
				CLANG_WARN_UNGUARDED_AVAILABILITY = YES_AGGRESSIVE;
				CLANG_WARN_UNREACHABLE_CODE = YES;
				CLANG_WARN__DUPLICATE_METHOD_MATCH = YES;
				CODE_SIGN_IDENTITY = "iPhone Developer";
				COPY_PHASE_STRIP = NO;
				DEBUG_INFORMATION_FORMAT = "dwarf-with-dsym";
				ENABLE_NS_ASSERTIONS = NO;
				ENABLE_STRICT_OBJC_MSGSEND = YES;
				GCC_C_LANGUAGE_STANDARD = gnu11;
				GCC_NO_COMMON_BLOCKS = YES;
				GCC_WARN_64_TO_32_BIT_CONVERSION = YES;
				GCC_WARN_ABOUT_RETURN_TYPE = YES_ERROR;
				GCC_WARN_UNDECLARED_SELECTOR = YES;
				GCC_WARN_UNINITIALIZED_AUTOS = YES_AGGRESSIVE;
				GCC_WARN_UNUSED_FUNCTION = YES;
				GCC_WARN_UNUSED_VARIABLE = YES;
				IPHONEOS_DEPLOYMENT_TARGET = 12.0;
				MTL_ENABLE_DEBUG_INFO = NO;
				MTL_FAST_MATH = YES;
				SDKROOT = iphoneos;
				SWIFT_COMPILATION_MODE = wholemodule;
				SWIFT_OPTIMIZATION_LEVEL = "-O";
				VALIDATE_PRODUCT = YES;
			};
			name = Release;
		};
		72F11816218314FF00C3C805 /* Debug */ = {
			isa = XCBuildConfiguration;
			buildSettings = {
				ASSETCATALOG_COMPILER_APPICON_NAME = AppIcon;
				CLANG_ENABLE_MODULES = YES;
				CODE_SIGN_STYLE = Automatic;
				FRAMEWORK_SEARCH_PATHS = (
					"$(inherited)",
					"$(PROJECT_DIR)/iOS\\ Video\\ Interstitial\\ Advert\\ Mediator",
					"$(PROJECT_DIR)/iOS\\ Video\\ Interstitial\\ Advert\\ Mediator",
					"$(PROJECT_DIR)/iOS\\ Video\\ Interstitial\\ Advert\\ Mediator",
					"$(PROJECT_DIR)/iOS\\ Video\\ Interstitial\\ Advert\\ Mediator",
					"$(PROJECT_DIR)/iOS\\ Video\\ Interstitial\\ Advert\\ Mediator",
					"$(PROJECT_DIR)/iOS\\ Video\\ Interstitial\\ Advert\\ Mediator",
					"$(PROJECT_DIR)/iOS\\ Video\\ Interstitial\\ Advert\\ Mediator",
					"$(PROJECT_DIR)/iOS\\ Video\\ Interstitial\\ Advert\\ Mediator",
					"$(PROJECT_DIR)/iOS\\ Video\\ Interstitial\\ Advert\\ Mediator",
					"$(PROJECT_DIR)/iOS\\ Video\\ Interstitial\\ Advert\\ Mediator",
					"$(PROJECT_DIR)/iOS\\ Video\\ Interstitial\\ Advert\\ Mediator",
					"$(PROJECT_DIR)/iOS\\ Video\\ Interstitial\\ Advert\\ Mediator",
					"$(PROJECT_DIR)/iOS\\ Video\\ Interstitial\\ Advert\\ Mediator",
					"$(PROJECT_DIR)/iOS\\ Video\\ Interstitial\\ Advert\\ Mediator/AdColony",
					"$(PROJECT_DIR)/iOS\\ Video\\ Interstitial\\ Advert\\ Mediator/AppLovin",
					"$(PROJECT_DIR)/iOS\\ Video\\ Interstitial\\ Advert\\ Mediator/AdMob",
					"$(PROJECT_DIR)/iOS\\ Video\\ Interstitial\\ Advert\\ Mediator/Chartboost",
					"$(PROJECT_DIR)/iOS\\ Video\\ Interstitial\\ Advert\\ Mediator/Chartboost",
					"$(PROJECT_DIR)/iOS\\ Video\\ Interstitial\\ Advert\\ Mediator/Vungle",
					"$(PROJECT_DIR)/iOS\\ Video\\ Interstitial\\ Advert\\ Mediator/Vungle",
					"$(PROJECT_DIR)/iOS\\ Video\\ Interstitial\\ Advert\\ Mediator/AdMob",
					"$(PROJECT_DIR)/iOS\\ Video\\ Interstitial\\ Advert\\ Mediator/Chartboost",
					"$(PROJECT_DIR)/iOS\\ Video\\ Interstitial\\ Advert\\ Mediator/Chartboost",
					"$(PROJECT_DIR)/iOS\\ Video\\ Interstitial\\ Advert\\ Mediator/AppLovin",
					"$(PROJECT_DIR)/iOS\\ Video\\ Interstitial\\ Advert\\ Mediator/AdColony",
				);
				INFOPLIST_FILE = "iOS Video Interstitial Advert Mediator/Info.plist";
				LD_RUNPATH_SEARCH_PATHS = (
					"$(inherited)",
					"@executable_path/Frameworks",
				);
				LIBRARY_SEARCH_PATHS = "$(inherited)";
				OTHER_LDFLAGS = (
					"-fobjc-arc",
					"-ObjC",
				);
				PRODUCT_BUNDLE_IDENTIFIER = "com.petemorris.iOS-Video-Interstitial-Advert-Mediator";
				PRODUCT_NAME = "$(TARGET_NAME)";
				SWIFT_OBJC_BRIDGING_HEADER = "iOS Video Interstitial Advert Mediator/iOS Video Interstitial Advert Mediator-Bridging-Header.h";
				SWIFT_OPTIMIZATION_LEVEL = "-Onone";
				SWIFT_VERSION = 4.2;
				TARGETED_DEVICE_FAMILY = "1,2";
			};
			name = Debug;
		};
		72F11817218314FF00C3C805 /* Release */ = {
			isa = XCBuildConfiguration;
			buildSettings = {
				ASSETCATALOG_COMPILER_APPICON_NAME = AppIcon;
				CLANG_ENABLE_MODULES = YES;
				CODE_SIGN_STYLE = Automatic;
				FRAMEWORK_SEARCH_PATHS = (
					"$(inherited)",
					"$(PROJECT_DIR)/iOS\\ Video\\ Interstitial\\ Advert\\ Mediator",
					"$(PROJECT_DIR)/iOS\\ Video\\ Interstitial\\ Advert\\ Mediator",
					"$(PROJECT_DIR)/iOS\\ Video\\ Interstitial\\ Advert\\ Mediator",
					"$(PROJECT_DIR)/iOS\\ Video\\ Interstitial\\ Advert\\ Mediator",
					"$(PROJECT_DIR)/iOS\\ Video\\ Interstitial\\ Advert\\ Mediator",
					"$(PROJECT_DIR)/iOS\\ Video\\ Interstitial\\ Advert\\ Mediator",
					"$(PROJECT_DIR)/iOS\\ Video\\ Interstitial\\ Advert\\ Mediator",
					"$(PROJECT_DIR)/iOS\\ Video\\ Interstitial\\ Advert\\ Mediator",
					"$(PROJECT_DIR)/iOS\\ Video\\ Interstitial\\ Advert\\ Mediator",
					"$(PROJECT_DIR)/iOS\\ Video\\ Interstitial\\ Advert\\ Mediator",
					"$(PROJECT_DIR)/iOS\\ Video\\ Interstitial\\ Advert\\ Mediator",
					"$(PROJECT_DIR)/iOS\\ Video\\ Interstitial\\ Advert\\ Mediator",
					"$(PROJECT_DIR)/iOS\\ Video\\ Interstitial\\ Advert\\ Mediator",
					"$(PROJECT_DIR)/iOS\\ Video\\ Interstitial\\ Advert\\ Mediator/AdColony",
					"$(PROJECT_DIR)/iOS\\ Video\\ Interstitial\\ Advert\\ Mediator/AppLovin",
					"$(PROJECT_DIR)/iOS\\ Video\\ Interstitial\\ Advert\\ Mediator/AdMob",
					"$(PROJECT_DIR)/iOS\\ Video\\ Interstitial\\ Advert\\ Mediator/Chartboost",
					"$(PROJECT_DIR)/iOS\\ Video\\ Interstitial\\ Advert\\ Mediator/Chartboost",
					"$(PROJECT_DIR)/iOS\\ Video\\ Interstitial\\ Advert\\ Mediator/Vungle",
					"$(PROJECT_DIR)/iOS\\ Video\\ Interstitial\\ Advert\\ Mediator/Vungle",
					"$(PROJECT_DIR)/iOS\\ Video\\ Interstitial\\ Advert\\ Mediator/AdMob",
					"$(PROJECT_DIR)/iOS\\ Video\\ Interstitial\\ Advert\\ Mediator/Chartboost",
					"$(PROJECT_DIR)/iOS\\ Video\\ Interstitial\\ Advert\\ Mediator/Chartboost",
					"$(PROJECT_DIR)/iOS\\ Video\\ Interstitial\\ Advert\\ Mediator/AppLovin",
					"$(PROJECT_DIR)/iOS\\ Video\\ Interstitial\\ Advert\\ Mediator/AdColony",
				);
				INFOPLIST_FILE = "iOS Video Interstitial Advert Mediator/Info.plist";
				LD_RUNPATH_SEARCH_PATHS = (
					"$(inherited)",
					"@executable_path/Frameworks",
				);
				LIBRARY_SEARCH_PATHS = "$(inherited)";
				OTHER_LDFLAGS = (
					"-fobjc-arc",
					"-ObjC",
				);
				PRODUCT_BUNDLE_IDENTIFIER = "com.petemorris.iOS-Video-Interstitial-Advert-Mediator";
				PRODUCT_NAME = "$(TARGET_NAME)";
				SWIFT_OBJC_BRIDGING_HEADER = "iOS Video Interstitial Advert Mediator/iOS Video Interstitial Advert Mediator-Bridging-Header.h";
				SWIFT_VERSION = 4.2;
				TARGETED_DEVICE_FAMILY = "1,2";
			};
			name = Release;
		};
		72F11819218314FF00C3C805 /* Debug */ = {
			isa = XCBuildConfiguration;
			buildSettings = {
				ALWAYS_EMBED_SWIFT_STANDARD_LIBRARIES = YES;
				BUNDLE_LOADER = "$(TEST_HOST)";
				CLANG_ENABLE_MODULES = YES;
				CODE_SIGN_STYLE = Automatic;
				DEVELOPMENT_TEAM = A7682PK9SF;
				INFOPLIST_FILE = "iOS Video Interstitial Advert MediatorTests/Info.plist";
				LD_RUNPATH_SEARCH_PATHS = (
					"$(inherited)",
					"@executable_path/Frameworks",
					"@loader_path/Frameworks",
				);
				PRODUCT_BUNDLE_IDENTIFIER = "com.petemorris.iOS-Video-Interstitial-Advert-MediatorTests";
				PRODUCT_NAME = "$(TARGET_NAME)";
				SWIFT_OPTIMIZATION_LEVEL = "-Onone";
				SWIFT_VERSION = 4.2;
				TARGETED_DEVICE_FAMILY = "1,2";
				TEST_HOST = "$(BUILT_PRODUCTS_DIR)/iOS Video Interstitial Advert Mediator.app/iOS Video Interstitial Advert Mediator";
			};
			name = Debug;
		};
		72F1181A218314FF00C3C805 /* Release */ = {
			isa = XCBuildConfiguration;
			buildSettings = {
				ALWAYS_EMBED_SWIFT_STANDARD_LIBRARIES = YES;
				BUNDLE_LOADER = "$(TEST_HOST)";
				CLANG_ENABLE_MODULES = YES;
				CODE_SIGN_STYLE = Automatic;
				DEVELOPMENT_TEAM = A7682PK9SF;
				INFOPLIST_FILE = "iOS Video Interstitial Advert MediatorTests/Info.plist";
				LD_RUNPATH_SEARCH_PATHS = (
					"$(inherited)",
					"@executable_path/Frameworks",
					"@loader_path/Frameworks",
				);
				PRODUCT_BUNDLE_IDENTIFIER = "com.petemorris.iOS-Video-Interstitial-Advert-MediatorTests";
				PRODUCT_NAME = "$(TARGET_NAME)";
				SWIFT_VERSION = 4.2;
				TARGETED_DEVICE_FAMILY = "1,2";
				TEST_HOST = "$(BUILT_PRODUCTS_DIR)/iOS Video Interstitial Advert Mediator.app/iOS Video Interstitial Advert Mediator";
			};
			name = Release;
		};
/* End XCBuildConfiguration section */

/* Begin XCConfigurationList section */
		72F117F3218314FE00C3C805 /* Build configuration list for PBXProject "iOS Video Interstitial Advert Mediator" */ = {
			isa = XCConfigurationList;
			buildConfigurations = (
				72F11813218314FF00C3C805 /* Debug */,
				72F11814218314FF00C3C805 /* Release */,
			);
			defaultConfigurationIsVisible = 0;
			defaultConfigurationName = Release;
		};
		72F11815218314FF00C3C805 /* Build configuration list for PBXNativeTarget "iOS Video Interstitial Advert Mediator" */ = {
			isa = XCConfigurationList;
			buildConfigurations = (
				72F11816218314FF00C3C805 /* Debug */,
				72F11817218314FF00C3C805 /* Release */,
			);
			defaultConfigurationIsVisible = 0;
			defaultConfigurationName = Release;
		};
		72F11818218314FF00C3C805 /* Build configuration list for PBXNativeTarget "iOS Video Interstitial Advert MediatorTests" */ = {
			isa = XCConfigurationList;
			buildConfigurations = (
				72F11819218314FF00C3C805 /* Debug */,
				72F1181A218314FF00C3C805 /* Release */,
			);
			defaultConfigurationIsVisible = 0;
			defaultConfigurationName = Release;
		};
/* End XCConfigurationList section */
	};
	rootObject = 72F117F0218314FE00C3C805 /* Project object */;
}
